
Microsoft Visual Studio Solution File, Format Version 12.00
# Visual Studio Version 17
VisualStudioVersion = 17.7.34024.191
MinimumVisualStudioVersion = 10.0.40219.1
Project("{FAE04EC0-301F-11D3-BF4B-00C04F79EFBC}") = "Gizmox.WebGUI.Forms.Extended.4.5.2", "Gizmox.WebGUI.Forms.Extended\Gizmox.WebGUI.Forms.Extended.4.5.2.csproj", "{A361B486-6366-4361-B520-F96F936F8EC3}"
EndProject
Project("{FAE04EC0-301F-11D3-BF4B-00C04F79EFBC}") = "Gizmox.WebGUI.Forms.4.5.2", "Gizmox.WebGUI.Forms\Gizmox.WebGUI.Forms.4.5.2.csproj", "{9F0416FE-04C3-4F2A-98CC-B39B6F1022CC}"
EndProject
Project("{FAE04EC0-301F-11D3-BF4B-00C04F79EFBC}") = "Gizmox.WebGUI.Forms.Themes.4.5.2", "Gizmox.WebGUI.Forms.Themes\Gizmox.WebGUI.Forms.Themes.4.5.2.csproj", "{D14C788A-9DBE-4A02-B2CE-800DDB367E2F}"
EndProject
Project("{FAE04EC0-301F-11D3-BF4B-00C04F79EFBC}") = "Gizmox.WebGUI.Forms.Help.4.5.2", "Gizmox.WebGUI.Forms.Help\Gizmox.WebGUI.Forms.Help.4.5.2.csproj", "{93C2780F-B831-4D88-976A-8329CA9AA446}"
EndProject
Project("{FAE04EC0-301F-11D3-BF4B-00C04F79EFBC}") = "Gizmox.WebGUI.Client.4.5.2", "Gizmox.WebGUI.Client\Gizmox.WebGUI.Client.4.5.2.csproj", "{847A3249-A4B0-4C49-A61A-7886C9552157}"
EndProject
Project("{FAE04EC0-301F-11D3-BF4B-00C04F79EFBC}") = "Gizmox.WebGUI.Reporting.4.5.2", "Gizmox.WebGUI.Reporting\Gizmox.WebGUI.Reporting.4.5.2.csproj", "{7FC12FF2-C25D-42AB-8BFB-B09C4F7A302D}"
EndProject
Project("{FAE04EC0-301F-11D3-BF4B-00C04F79EFBC}") = "Gizmox.WebGUI.Converters.4.5.2", "Gizmox.WebGUI.Converters\Gizmox.WebGUI.Converters.4.5.2.csproj", "{3253CB42-69DA-4AE1-9B2F-FA6A91543FC3}"
EndProject
Project("{FAE04EC0-301F-11D3-BF4B-00C04F79EFBC}") = "Gizmox.WebGUI.Forms.Catalog.4.5.2", "Gizmox.WebGUI.Forms.Catalog\Gizmox.WebGUI.Forms.Catalog.4.5.2.csproj", "{431E171C-3F35-4BA3-A3EA-49A89A937C6E}"
EndProject
Project("{FAE04EC0-301F-11D3-BF4B-00C04F79EFBC}") = "Gizmox.WebGUI.Forms.References.4.5.2", "Gizmox.WebGUI.References\Gizmox.WebGUI.Forms.References.4.5.2.csproj", "{CF799803-1F38-4EAD-9323-6C9AFF50E4A3}"
EndProject
Project("{FAE04EC0-301F-11D3-BF4B-00C04F79EFBC}") = "Gizmox.WebGUI.Forms.Native.Integration.4.5.2", "Gizmox.WebGUI.Forms.Native.Integration\Gizmox.WebGUI.Forms.Native.Integration.4.5.2.csproj", "{D0FE6A73-39B9-4FDB-8B67-87DCC3EC29C8}"
EndProject
Project("{FAE04EC0-301F-11D3-BF4B-00C04F79EFBC}") = "Gizmox.WebGUI.Forms.Extended.Design.4.5.2", "Gizmox.WebGUI.Forms.Extended.Design\Gizmox.WebGUI.Forms.Extended.Design.4.5.2.csproj", "{4E0CF3C6-F003-4179-AEFE-46FBC96427C6}"
EndProject
Project("{FAE04EC0-301F-11D3-BF4B-00C04F79EFBC}") = "Gizmox.WebGUI.Forms.Design.4.5.2", "Gizmox.WebGUI.Forms.Design\Gizmox.WebGUI.Forms.Design.4.5.2.csproj", "{CE9FE1FE-8877-4199-A823-6B75219942F8}"
EndProject
Project("{FAE04EC0-301F-11D3-BF4B-00C04F79EFBC}") = "Gizmox.WebGUI.Forms.CompanionKitCS.4.5.2", "Gizmox.WebGUI.Forms.CompanionKit\Gizmox.WebGUI.Forms.CompanionKitCS.4.5.2.csproj", "{850DC8AB-F72A-4C08-A052-A1F266E7EA2B}"
EndProject
Project("{FAE04EC0-301F-11D3-BF4B-00C04F79EFBC}") = "Gizmox.WebGUI.Forms.Phonegap.Integration.4.5.2", "Gizmox.WebGUI.Forms.Phonegap.Integration\Gizmox.WebGUI.Forms.Phonegap.Integration.4.5.2.csproj", "{A257A602-4217-4FBD-870E-5643C5B97688}"
EndProject
Project("{FAE04EC0-301F-11D3-BF4B-00C04F79EFBC}") = "Gizmox.WebGUI.Forms.CompanionKit.Engine.4.5.2", "Gizmox.WebGUI.Forms.CompanionKit\Engine\Gizmox.WebGUI.Forms.CompanionKit.Engine.4.5.2.csproj", "{127CADEB-B666-4C9A-846F-256397046AB8}"
EndProject
Project("{2150E333-8FDC-42A3-9474-1A3956D46DE8}") = "Solution Items", "Solution Items", "{5B380F18-4B8D-4E99-94BA-6F81AF7D1C49}"
	ProjectSection(SolutionItems) = preProject
		Core.4.5.2.sln = Core.4.5.2.sln
		ProductInfo.cs = ProductInfo.cs
		VWG2015.sln = VWG2015.sln
	EndProjectSection
EndProject
Global
	GlobalSection(SolutionConfigurationPlatforms) = preSolution
		Commercial Deployment|Any CPU = Commercial Deployment|Any CPU
		Commercial Deployment|x64 = Commercial Deployment|x64
		Commercial Deployment|x86 = Commercial Deployment|x86
		Debug|Any CPU = Debug|Any CPU
		Debug|x64 = Debug|x64
		Debug|x86 = Debug|x86
		Deployment|Any CPU = Deployment|Any CPU
		Deployment|x64 = Deployment|x64
		Deployment|x86 = Deployment|x86
		Design|Any CPU = Design|Any CPU
		Design|x64 = Design|x64
		Design|x86 = Design|x86
		Documentation|Any CPU = Documentation|Any CPU
		Documentation|x64 = Documentation|x64
		Documentation|x86 = Documentation|x86
		Express|Any CPU = Express|Any CPU
		Express|x64 = Express|x64
		Express|x86 = Express|x86
		Nightly|Any CPU = Nightly|Any CPU
		Nightly|x64 = Nightly|x64
		Nightly|x86 = Nightly|x86
		Release|Any CPU = Release|Any CPU
		Release|x64 = Release|x64
		Release|x86 = Release|x86
	EndGlobalSection
	GlobalSection(ProjectConfigurationPlatforms) = postSolution
		{A361B486-6366-4361-B520-F96F936F8EC3}.Commercial Deployment|Any CPU.ActiveCfg = Commercial Deployment|Any CPU
		{A361B486-6366-4361-B520-F96F936F8EC3}.Commercial Deployment|Any CPU.Build.0 = Commercial Deployment|Any CPU
		{A361B486-6366-4361-B520-F96F936F8EC3}.Commercial Deployment|x64.ActiveCfg = Commercial Deployment|Any CPU
		{A361B486-6366-4361-B520-F96F936F8EC3}.Commercial Deployment|x64.Build.0 = Commercial Deployment|Any CPU
		{A361B486-6366-4361-B520-F96F936F8EC3}.Commercial Deployment|x86.ActiveCfg = Commercial Deployment|Any CPU
		{A361B486-6366-4361-B520-F96F936F8EC3}.Commercial Deployment|x86.Build.0 = Commercial Deployment|Any CPU
		{A361B486-6366-4361-B520-F96F936F8EC3}.Debug|Any CPU.ActiveCfg = Debug|Any CPU
		{A361B486-6366-4361-B520-F96F936F8EC3}.Debug|Any CPU.Build.0 = Debug|Any CPU
		{A361B486-6366-4361-B520-F96F936F8EC3}.Debug|x64.ActiveCfg = Debug|Any CPU
		{A361B486-6366-4361-B520-F96F936F8EC3}.Debug|x64.Build.0 = Debug|Any CPU
		{A361B486-6366-4361-B520-F96F936F8EC3}.Debug|x86.ActiveCfg = Debug|Any CPU
		{A361B486-6366-4361-B520-F96F936F8EC3}.Debug|x86.Build.0 = Debug|Any CPU
		{A361B486-6366-4361-B520-F96F936F8EC3}.Deployment|Any CPU.ActiveCfg = Deployment|Any CPU
		{A361B486-6366-4361-B520-F96F936F8EC3}.Deployment|Any CPU.Build.0 = Deployment|Any CPU
		{A361B486-6366-4361-B520-F96F936F8EC3}.Deployment|x64.ActiveCfg = Deployment|Any CPU
		{A361B486-6366-4361-B520-F96F936F8EC3}.Deployment|x64.Build.0 = Deployment|Any CPU
		{A361B486-6366-4361-B520-F96F936F8EC3}.Deployment|x86.ActiveCfg = Deployment|Any CPU
		{A361B486-6366-4361-B520-F96F936F8EC3}.Deployment|x86.Build.0 = Deployment|Any CPU
		{A361B486-6366-4361-B520-F96F936F8EC3}.Design|Any CPU.ActiveCfg = Design|Any CPU
		{A361B486-6366-4361-B520-F96F936F8EC3}.Design|Any CPU.Build.0 = Design|Any CPU
		{A361B486-6366-4361-B520-F96F936F8EC3}.Design|x64.ActiveCfg = Design|Any CPU
		{A361B486-6366-4361-B520-F96F936F8EC3}.Design|x64.Build.0 = Design|Any CPU
		{A361B486-6366-4361-B520-F96F936F8EC3}.Design|x86.ActiveCfg = Design|Any CPU
		{A361B486-6366-4361-B520-F96F936F8EC3}.Design|x86.Build.0 = Design|Any CPU
		{A361B486-6366-4361-B520-F96F936F8EC3}.Documentation|Any CPU.ActiveCfg = Documentation|Any CPU
		{A361B486-6366-4361-B520-F96F936F8EC3}.Documentation|Any CPU.Build.0 = Documentation|Any CPU
		{A361B486-6366-4361-B520-F96F936F8EC3}.Documentation|x64.ActiveCfg = Documentation|Any CPU
		{A361B486-6366-4361-B520-F96F936F8EC3}.Documentation|x64.Build.0 = Documentation|Any CPU
		{A361B486-6366-4361-B520-F96F936F8EC3}.Documentation|x86.ActiveCfg = Documentation|Any CPU
		{A361B486-6366-4361-B520-F96F936F8EC3}.Documentation|x86.Build.0 = Documentation|Any CPU
		{A361B486-6366-4361-B520-F96F936F8EC3}.Express|Any CPU.ActiveCfg = Express|Any CPU
		{A361B486-6366-4361-B520-F96F936F8EC3}.Express|Any CPU.Build.0 = Express|Any CPU
		{A361B486-6366-4361-B520-F96F936F8EC3}.Express|x64.ActiveCfg = Express|Any CPU
		{A361B486-6366-4361-B520-F96F936F8EC3}.Express|x64.Build.0 = Express|Any CPU
		{A361B486-6366-4361-B520-F96F936F8EC3}.Express|x86.ActiveCfg = Express|Any CPU
		{A361B486-6366-4361-B520-F96F936F8EC3}.Express|x86.Build.0 = Express|Any CPU
		{A361B486-6366-4361-B520-F96F936F8EC3}.Nightly|Any CPU.ActiveCfg = Nightly|Any CPU
		{A361B486-6366-4361-B520-F96F936F8EC3}.Nightly|Any CPU.Build.0 = Nightly|Any CPU
		{A361B486-6366-4361-B520-F96F936F8EC3}.Nightly|x64.ActiveCfg = Nightly|Any CPU
		{A361B486-6366-4361-B520-F96F936F8EC3}.Nightly|x64.Build.0 = Nightly|Any CPU
		{A361B486-6366-4361-B520-F96F936F8EC3}.Nightly|x86.ActiveCfg = Nightly|Any CPU
		{A361B486-6366-4361-B520-F96F936F8EC3}.Nightly|x86.Build.0 = Nightly|Any CPU
		{A361B486-6366-4361-B520-F96F936F8EC3}.Release|Any CPU.ActiveCfg = Release|Any CPU
		{A361B486-6366-4361-B520-F96F936F8EC3}.Release|Any CPU.Build.0 = Release|Any CPU
		{A361B486-6366-4361-B520-F96F936F8EC3}.Release|x64.ActiveCfg = Release|Any CPU
		{A361B486-6366-4361-B520-F96F936F8EC3}.Release|x64.Build.0 = Release|Any CPU
		{A361B486-6366-4361-B520-F96F936F8EC3}.Release|x86.ActiveCfg = Release|Any CPU
		{A361B486-6366-4361-B520-F96F936F8EC3}.Release|x86.Build.0 = Release|Any CPU
		{9F0416FE-04C3-4F2A-98CC-B39B6F1022CC}.Commercial Deployment|Any CPU.ActiveCfg = Commercial Deployment|Any CPU
		{9F0416FE-04C3-4F2A-98CC-B39B6F1022CC}.Commercial Deployment|Any CPU.Build.0 = Commercial Deployment|Any CPU
		{9F0416FE-04C3-4F2A-98CC-B39B6F1022CC}.Commercial Deployment|x64.ActiveCfg = Commercial Deployment|Any CPU
		{9F0416FE-04C3-4F2A-98CC-B39B6F1022CC}.Commercial Deployment|x64.Build.0 = Commercial Deployment|Any CPU
		{9F0416FE-04C3-4F2A-98CC-B39B6F1022CC}.Commercial Deployment|x86.ActiveCfg = Commercial Deployment|Any CPU
		{9F0416FE-04C3-4F2A-98CC-B39B6F1022CC}.Commercial Deployment|x86.Build.0 = Commercial Deployment|Any CPU
		{9F0416FE-04C3-4F2A-98CC-B39B6F1022CC}.Debug|Any CPU.ActiveCfg = Debug|Any CPU
		{9F0416FE-04C3-4F2A-98CC-B39B6F1022CC}.Debug|Any CPU.Build.0 = Debug|Any CPU
		{9F0416FE-04C3-4F2A-98CC-B39B6F1022CC}.Debug|x64.ActiveCfg = Debug|Any CPU
		{9F0416FE-04C3-4F2A-98CC-B39B6F1022CC}.Debug|x64.Build.0 = Debug|Any CPU
		{9F0416FE-04C3-4F2A-98CC-B39B6F1022CC}.Debug|x86.ActiveCfg = Debug|Any CPU
		{9F0416FE-04C3-4F2A-98CC-B39B6F1022CC}.Debug|x86.Build.0 = Debug|Any CPU
		{9F0416FE-04C3-4F2A-98CC-B39B6F1022CC}.Deployment|Any CPU.ActiveCfg = Deployment|Any CPU
		{9F0416FE-04C3-4F2A-98CC-B39B6F1022CC}.Deployment|Any CPU.Build.0 = Deployment|Any CPU
		{9F0416FE-04C3-4F2A-98CC-B39B6F1022CC}.Deployment|x64.ActiveCfg = Deployment|Any CPU
		{9F0416FE-04C3-4F2A-98CC-B39B6F1022CC}.Deployment|x64.Build.0 = Deployment|Any CPU
		{9F0416FE-04C3-4F2A-98CC-B39B6F1022CC}.Deployment|x86.ActiveCfg = Deployment|Any CPU
		{9F0416FE-04C3-4F2A-98CC-B39B6F1022CC}.Deployment|x86.Build.0 = Deployment|Any CPU
		{9F0416FE-04C3-4F2A-98CC-B39B6F1022CC}.Design|Any CPU.ActiveCfg = Design|Any CPU
		{9F0416FE-04C3-4F2A-98CC-B39B6F1022CC}.Design|Any CPU.Build.0 = Design|Any CPU
		{9F0416FE-04C3-4F2A-98CC-B39B6F1022CC}.Design|x64.ActiveCfg = Design|Any CPU
		{9F0416FE-04C3-4F2A-98CC-B39B6F1022CC}.Design|x64.Build.0 = Design|Any CPU
		{9F0416FE-04C3-4F2A-98CC-B39B6F1022CC}.Design|x86.ActiveCfg = Design|Any CPU
		{9F0416FE-04C3-4F2A-98CC-B39B6F1022CC}.Design|x86.Build.0 = Design|Any CPU
		{9F0416FE-04C3-4F2A-98CC-B39B6F1022CC}.Documentation|Any CPU.ActiveCfg = Documentation|Any CPU
		{9F0416FE-04C3-4F2A-98CC-B39B6F1022CC}.Documentation|Any CPU.Build.0 = Documentation|Any CPU
		{9F0416FE-04C3-4F2A-98CC-B39B6F1022CC}.Documentation|x64.ActiveCfg = Documentation|Any CPU
		{9F0416FE-04C3-4F2A-98CC-B39B6F1022CC}.Documentation|x64.Build.0 = Documentation|Any CPU
		{9F0416FE-04C3-4F2A-98CC-B39B6F1022CC}.Documentation|x86.ActiveCfg = Documentation|Any CPU
		{9F0416FE-04C3-4F2A-98CC-B39B6F1022CC}.Documentation|x86.Build.0 = Documentation|Any CPU
		{9F0416FE-04C3-4F2A-98CC-B39B6F1022CC}.Express|Any CPU.ActiveCfg = Express|Any CPU
		{9F0416FE-04C3-4F2A-98CC-B39B6F1022CC}.Express|Any CPU.Build.0 = Express|Any CPU
		{9F0416FE-04C3-4F2A-98CC-B39B6F1022CC}.Express|x64.ActiveCfg = Express|Any CPU
		{9F0416FE-04C3-4F2A-98CC-B39B6F1022CC}.Express|x64.Build.0 = Express|Any CPU
		{9F0416FE-04C3-4F2A-98CC-B39B6F1022CC}.Express|x86.ActiveCfg = Express|Any CPU
		{9F0416FE-04C3-4F2A-98CC-B39B6F1022CC}.Express|x86.Build.0 = Express|Any CPU
		{9F0416FE-04C3-4F2A-98CC-B39B6F1022CC}.Nightly|Any CPU.ActiveCfg = Nightly|Any CPU
		{9F0416FE-04C3-4F2A-98CC-B39B6F1022CC}.Nightly|Any CPU.Build.0 = Nightly|Any CPU
		{9F0416FE-04C3-4F2A-98CC-B39B6F1022CC}.Nightly|x64.ActiveCfg = Nightly|Any CPU
		{9F0416FE-04C3-4F2A-98CC-B39B6F1022CC}.Nightly|x64.Build.0 = Nightly|Any CPU
		{9F0416FE-04C3-4F2A-98CC-B39B6F1022CC}.Nightly|x86.ActiveCfg = Nightly|Any CPU
		{9F0416FE-04C3-4F2A-98CC-B39B6F1022CC}.Nightly|x86.Build.0 = Nightly|Any CPU
		{9F0416FE-04C3-4F2A-98CC-B39B6F1022CC}.Release|Any CPU.ActiveCfg = Release|Any CPU
		{9F0416FE-04C3-4F2A-98CC-B39B6F1022CC}.Release|Any CPU.Build.0 = Release|Any CPU
		{9F0416FE-04C3-4F2A-98CC-B39B6F1022CC}.Release|x64.ActiveCfg = Release|Any CPU
		{9F0416FE-04C3-4F2A-98CC-B39B6F1022CC}.Release|x64.Build.0 = Release|Any CPU
		{9F0416FE-04C3-4F2A-98CC-B39B6F1022CC}.Release|x86.ActiveCfg = Release|Any CPU
		{9F0416FE-04C3-4F2A-98CC-B39B6F1022CC}.Release|x86.Build.0 = Release|Any CPU
		{D14C788A-9DBE-4A02-B2CE-800DDB367E2F}.Commercial Deployment|Any CPU.ActiveCfg = Commercial Deployment|Any CPU
		{D14C788A-9DBE-4A02-B2CE-800DDB367E2F}.Commercial Deployment|Any CPU.Build.0 = Commercial Deployment|Any CPU
		{D14C788A-9DBE-4A02-B2CE-800DDB367E2F}.Commercial Deployment|x64.ActiveCfg = Commercial Deployment|Any CPU
		{D14C788A-9DBE-4A02-B2CE-800DDB367E2F}.Commercial Deployment|x64.Build.0 = Commercial Deployment|Any CPU
		{D14C788A-9DBE-4A02-B2CE-800DDB367E2F}.Commercial Deployment|x86.ActiveCfg = Commercial Deployment|Any CPU
		{D14C788A-9DBE-4A02-B2CE-800DDB367E2F}.Commercial Deployment|x86.Build.0 = Commercial Deployment|Any CPU
		{D14C788A-9DBE-4A02-B2CE-800DDB367E2F}.Debug|Any CPU.ActiveCfg = Debug|Any CPU
		{D14C788A-9DBE-4A02-B2CE-800DDB367E2F}.Debug|Any CPU.Build.0 = Debug|Any CPU
		{D14C788A-9DBE-4A02-B2CE-800DDB367E2F}.Debug|x64.ActiveCfg = Debug|Any CPU
		{D14C788A-9DBE-4A02-B2CE-800DDB367E2F}.Debug|x64.Build.0 = Debug|Any CPU
		{D14C788A-9DBE-4A02-B2CE-800DDB367E2F}.Debug|x86.ActiveCfg = Debug|Any CPU
		{D14C788A-9DBE-4A02-B2CE-800DDB367E2F}.Debug|x86.Build.0 = Debug|Any CPU
		{D14C788A-9DBE-4A02-B2CE-800DDB367E2F}.Deployment|Any CPU.ActiveCfg = Deployment|Any CPU
		{D14C788A-9DBE-4A02-B2CE-800DDB367E2F}.Deployment|Any CPU.Build.0 = Deployment|Any CPU
		{D14C788A-9DBE-4A02-B2CE-800DDB367E2F}.Deployment|x64.ActiveCfg = Deployment|Any CPU
		{D14C788A-9DBE-4A02-B2CE-800DDB367E2F}.Deployment|x64.Build.0 = Deployment|Any CPU
		{D14C788A-9DBE-4A02-B2CE-800DDB367E2F}.Deployment|x86.ActiveCfg = Deployment|Any CPU
		{D14C788A-9DBE-4A02-B2CE-800DDB367E2F}.Deployment|x86.Build.0 = Deployment|Any CPU
		{D14C788A-9DBE-4A02-B2CE-800DDB367E2F}.Design|Any CPU.ActiveCfg = Design|Any CPU
		{D14C788A-9DBE-4A02-B2CE-800DDB367E2F}.Design|Any CPU.Build.0 = Design|Any CPU
		{D14C788A-9DBE-4A02-B2CE-800DDB367E2F}.Design|x64.ActiveCfg = Design|Any CPU
		{D14C788A-9DBE-4A02-B2CE-800DDB367E2F}.Design|x64.Build.0 = Design|Any CPU
		{D14C788A-9DBE-4A02-B2CE-800DDB367E2F}.Design|x86.ActiveCfg = Design|Any CPU
		{D14C788A-9DBE-4A02-B2CE-800DDB367E2F}.Design|x86.Build.0 = Design|Any CPU
		{D14C788A-9DBE-4A02-B2CE-800DDB367E2F}.Documentation|Any CPU.ActiveCfg = Deployment|Any CPU
		{D14C788A-9DBE-4A02-B2CE-800DDB367E2F}.Documentation|Any CPU.Build.0 = Deployment|Any CPU
		{D14C788A-9DBE-4A02-B2CE-800DDB367E2F}.Documentation|x64.ActiveCfg = Deployment|Any CPU
		{D14C788A-9DBE-4A02-B2CE-800DDB367E2F}.Documentation|x64.Build.0 = Deployment|Any CPU
		{D14C788A-9DBE-4A02-B2CE-800DDB367E2F}.Documentation|x86.ActiveCfg = Deployment|Any CPU
		{D14C788A-9DBE-4A02-B2CE-800DDB367E2F}.Documentation|x86.Build.0 = Deployment|Any CPU
		{D14C788A-9DBE-4A02-B2CE-800DDB367E2F}.Express|Any CPU.ActiveCfg = Express|Any CPU
		{D14C788A-9DBE-4A02-B2CE-800DDB367E2F}.Express|Any CPU.Build.0 = Express|Any CPU
		{D14C788A-9DBE-4A02-B2CE-800DDB367E2F}.Express|x64.ActiveCfg = Express|Any CPU
		{D14C788A-9DBE-4A02-B2CE-800DDB367E2F}.Express|x64.Build.0 = Express|Any CPU
		{D14C788A-9DBE-4A02-B2CE-800DDB367E2F}.Express|x86.ActiveCfg = Express|Any CPU
		{D14C788A-9DBE-4A02-B2CE-800DDB367E2F}.Express|x86.Build.0 = Express|Any CPU
		{D14C788A-9DBE-4A02-B2CE-800DDB367E2F}.Nightly|Any CPU.ActiveCfg = Express|Any CPU
		{D14C788A-9DBE-4A02-B2CE-800DDB367E2F}.Nightly|Any CPU.Build.0 = Express|Any CPU
		{D14C788A-9DBE-4A02-B2CE-800DDB367E2F}.Nightly|x64.ActiveCfg = Express|Any CPU
		{D14C788A-9DBE-4A02-B2CE-800DDB367E2F}.Nightly|x64.Build.0 = Express|Any CPU
		{D14C788A-9DBE-4A02-B2CE-800DDB367E2F}.Nightly|x86.ActiveCfg = Express|Any CPU
		{D14C788A-9DBE-4A02-B2CE-800DDB367E2F}.Nightly|x86.Build.0 = Express|Any CPU
		{D14C788A-9DBE-4A02-B2CE-800DDB367E2F}.Release|Any CPU.ActiveCfg = Release|Any CPU
		{D14C788A-9DBE-4A02-B2CE-800DDB367E2F}.Release|Any CPU.Build.0 = Release|Any CPU
		{D14C788A-9DBE-4A02-B2CE-800DDB367E2F}.Release|x64.ActiveCfg = Release|Any CPU
		{D14C788A-9DBE-4A02-B2CE-800DDB367E2F}.Release|x64.Build.0 = Release|Any CPU
		{D14C788A-9DBE-4A02-B2CE-800DDB367E2F}.Release|x86.ActiveCfg = Release|Any CPU
		{D14C788A-9DBE-4A02-B2CE-800DDB367E2F}.Release|x86.Build.0 = Release|Any CPU
		{93C2780F-B831-4D88-976A-8329CA9AA446}.Commercial Deployment|Any CPU.ActiveCfg = Commercial Deployment|Any CPU
		{93C2780F-B831-4D88-976A-8329CA9AA446}.Commercial Deployment|Any CPU.Build.0 = Commercial Deployment|Any CPU
		{93C2780F-B831-4D88-976A-8329CA9AA446}.Commercial Deployment|x64.ActiveCfg = Commercial Deployment|Any CPU
		{93C2780F-B831-4D88-976A-8329CA9AA446}.Commercial Deployment|x64.Build.0 = Commercial Deployment|Any CPU
		{93C2780F-B831-4D88-976A-8329CA9AA446}.Commercial Deployment|x86.ActiveCfg = Commercial Deployment|Any CPU
		{93C2780F-B831-4D88-976A-8329CA9AA446}.Commercial Deployment|x86.Build.0 = Commercial Deployment|Any CPU
		{93C2780F-B831-4D88-976A-8329CA9AA446}.Debug|Any CPU.ActiveCfg = Debug|Any CPU
		{93C2780F-B831-4D88-976A-8329CA9AA446}.Debug|Any CPU.Build.0 = Debug|Any CPU
		{93C2780F-B831-4D88-976A-8329CA9AA446}.Debug|x64.ActiveCfg = Debug|Any CPU
		{93C2780F-B831-4D88-976A-8329CA9AA446}.Debug|x64.Build.0 = Debug|Any CPU
		{93C2780F-B831-4D88-976A-8329CA9AA446}.Debug|x86.ActiveCfg = Debug|Any CPU
		{93C2780F-B831-4D88-976A-8329CA9AA446}.Debug|x86.Build.0 = Debug|Any CPU
		{93C2780F-B831-4D88-976A-8329CA9AA446}.Deployment|Any CPU.ActiveCfg = Deployment|Any CPU
		{93C2780F-B831-4D88-976A-8329CA9AA446}.Deployment|Any CPU.Build.0 = Deployment|Any CPU
		{93C2780F-B831-4D88-976A-8329CA9AA446}.Deployment|x64.ActiveCfg = Deployment|Any CPU
		{93C2780F-B831-4D88-976A-8329CA9AA446}.Deployment|x64.Build.0 = Deployment|Any CPU
		{93C2780F-B831-4D88-976A-8329CA9AA446}.Deployment|x86.ActiveCfg = Deployment|Any CPU
		{93C2780F-B831-4D88-976A-8329CA9AA446}.Deployment|x86.Build.0 = Deployment|Any CPU
		{93C2780F-B831-4D88-976A-8329CA9AA446}.Design|Any CPU.ActiveCfg = Design|Any CPU
		{93C2780F-B831-4D88-976A-8329CA9AA446}.Design|Any CPU.Build.0 = Design|Any CPU
		{93C2780F-B831-4D88-976A-8329CA9AA446}.Design|x64.ActiveCfg = Design|Any CPU
		{93C2780F-B831-4D88-976A-8329CA9AA446}.Design|x64.Build.0 = Design|Any CPU
		{93C2780F-B831-4D88-976A-8329CA9AA446}.Design|x86.ActiveCfg = Design|Any CPU
		{93C2780F-B831-4D88-976A-8329CA9AA446}.Design|x86.Build.0 = Design|Any CPU
		{93C2780F-B831-4D88-976A-8329CA9AA446}.Documentation|Any CPU.ActiveCfg = Documentation|Any CPU
		{93C2780F-B831-4D88-976A-8329CA9AA446}.Documentation|Any CPU.Build.0 = Documentation|Any CPU
		{93C2780F-B831-4D88-976A-8329CA9AA446}.Documentation|x64.ActiveCfg = Documentation|Any CPU
		{93C2780F-B831-4D88-976A-8329CA9AA446}.Documentation|x64.Build.0 = Documentation|Any CPU
		{93C2780F-B831-4D88-976A-8329CA9AA446}.Documentation|x86.ActiveCfg = Documentation|Any CPU
		{93C2780F-B831-4D88-976A-8329CA9AA446}.Documentation|x86.Build.0 = Documentation|Any CPU
		{93C2780F-B831-4D88-976A-8329CA9AA446}.Express|Any CPU.ActiveCfg = Express|Any CPU
		{93C2780F-B831-4D88-976A-8329CA9AA446}.Express|Any CPU.Build.0 = Express|Any CPU
		{93C2780F-B831-4D88-976A-8329CA9AA446}.Express|x64.ActiveCfg = Express|Any CPU
		{93C2780F-B831-4D88-976A-8329CA9AA446}.Express|x64.Build.0 = Express|Any CPU
		{93C2780F-B831-4D88-976A-8329CA9AA446}.Express|x86.ActiveCfg = Express|Any CPU
		{93C2780F-B831-4D88-976A-8329CA9AA446}.Express|x86.Build.0 = Express|Any CPU
		{93C2780F-B831-4D88-976A-8329CA9AA446}.Nightly|Any CPU.ActiveCfg = Nightly|Any CPU
		{93C2780F-B831-4D88-976A-8329CA9AA446}.Nightly|Any CPU.Build.0 = Nightly|Any CPU
		{93C2780F-B831-4D88-976A-8329CA9AA446}.Nightly|x64.ActiveCfg = Nightly|Any CPU
		{93C2780F-B831-4D88-976A-8329CA9AA446}.Nightly|x64.Build.0 = Nightly|Any CPU
		{93C2780F-B831-4D88-976A-8329CA9AA446}.Nightly|x86.ActiveCfg = Nightly|Any CPU
		{93C2780F-B831-4D88-976A-8329CA9AA446}.Nightly|x86.Build.0 = Nightly|Any CPU
		{93C2780F-B831-4D88-976A-8329CA9AA446}.Release|Any CPU.ActiveCfg = Release|Any CPU
		{93C2780F-B831-4D88-976A-8329CA9AA446}.Release|Any CPU.Build.0 = Release|Any CPU
		{93C2780F-B831-4D88-976A-8329CA9AA446}.Release|x64.ActiveCfg = Release|Any CPU
		{93C2780F-B831-4D88-976A-8329CA9AA446}.Release|x64.Build.0 = Release|Any CPU
		{93C2780F-B831-4D88-976A-8329CA9AA446}.Release|x86.ActiveCfg = Release|Any CPU
		{93C2780F-B831-4D88-976A-8329CA9AA446}.Release|x86.Build.0 = Release|Any CPU
		{847A3249-A4B0-4C49-A61A-7886C9552157}.Commercial Deployment|Any CPU.ActiveCfg = Commercial Deployment|Any CPU
		{847A3249-A4B0-4C49-A61A-7886C9552157}.Commercial Deployment|Any CPU.Build.0 = Commercial Deployment|Any CPU
		{847A3249-A4B0-4C49-A61A-7886C9552157}.Commercial Deployment|x64.ActiveCfg = Commercial Deployment|Any CPU
		{847A3249-A4B0-4C49-A61A-7886C9552157}.Commercial Deployment|x64.Build.0 = Commercial Deployment|Any CPU
		{847A3249-A4B0-4C49-A61A-7886C9552157}.Commercial Deployment|x86.ActiveCfg = Commercial Deployment|Any CPU
		{847A3249-A4B0-4C49-A61A-7886C9552157}.Commercial Deployment|x86.Build.0 = Commercial Deployment|Any CPU
		{847A3249-A4B0-4C49-A61A-7886C9552157}.Debug|Any CPU.ActiveCfg = Debug|Any CPU
		{847A3249-A4B0-4C49-A61A-7886C9552157}.Debug|Any CPU.Build.0 = Debug|Any CPU
		{847A3249-A4B0-4C49-A61A-7886C9552157}.Debug|x64.ActiveCfg = Debug|Any CPU
		{847A3249-A4B0-4C49-A61A-7886C9552157}.Debug|x64.Build.0 = Debug|Any CPU
		{847A3249-A4B0-4C49-A61A-7886C9552157}.Debug|x86.ActiveCfg = Debug|Any CPU
		{847A3249-A4B0-4C49-A61A-7886C9552157}.Debug|x86.Build.0 = Debug|Any CPU
		{847A3249-A4B0-4C49-A61A-7886C9552157}.Deployment|Any CPU.ActiveCfg = Deployment|Any CPU
		{847A3249-A4B0-4C49-A61A-7886C9552157}.Deployment|Any CPU.Build.0 = Deployment|Any CPU
		{847A3249-A4B0-4C49-A61A-7886C9552157}.Deployment|x64.ActiveCfg = Deployment|Any CPU
		{847A3249-A4B0-4C49-A61A-7886C9552157}.Deployment|x64.Build.0 = Deployment|Any CPU
		{847A3249-A4B0-4C49-A61A-7886C9552157}.Deployment|x86.ActiveCfg = Deployment|Any CPU
		{847A3249-A4B0-4C49-A61A-7886C9552157}.Deployment|x86.Build.0 = Deployment|Any CPU
		{847A3249-A4B0-4C49-A61A-7886C9552157}.Design|Any CPU.ActiveCfg = Design|Any CPU
		{847A3249-A4B0-4C49-A61A-7886C9552157}.Design|Any CPU.Build.0 = Design|Any CPU
		{847A3249-A4B0-4C49-A61A-7886C9552157}.Design|x64.ActiveCfg = Design|Any CPU
		{847A3249-A4B0-4C49-A61A-7886C9552157}.Design|x64.Build.0 = Design|Any CPU
		{847A3249-A4B0-4C49-A61A-7886C9552157}.Design|x86.ActiveCfg = Design|Any CPU
		{847A3249-A4B0-4C49-A61A-7886C9552157}.Design|x86.Build.0 = Design|Any CPU
		{847A3249-A4B0-4C49-A61A-7886C9552157}.Documentation|Any CPU.ActiveCfg = Documentation|Any CPU
		{847A3249-A4B0-4C49-A61A-7886C9552157}.Documentation|Any CPU.Build.0 = Documentation|Any CPU
		{847A3249-A4B0-4C49-A61A-7886C9552157}.Documentation|x64.ActiveCfg = Documentation|Any CPU
		{847A3249-A4B0-4C49-A61A-7886C9552157}.Documentation|x64.Build.0 = Documentation|Any CPU
		{847A3249-A4B0-4C49-A61A-7886C9552157}.Documentation|x86.ActiveCfg = Documentation|Any CPU
		{847A3249-A4B0-4C49-A61A-7886C9552157}.Documentation|x86.Build.0 = Documentation|Any CPU
		{847A3249-A4B0-4C49-A61A-7886C9552157}.Express|Any CPU.ActiveCfg = Express|Any CPU
		{847A3249-A4B0-4C49-A61A-7886C9552157}.Express|Any CPU.Build.0 = Express|Any CPU
		{847A3249-A4B0-4C49-A61A-7886C9552157}.Express|x64.ActiveCfg = Express|Any CPU
		{847A3249-A4B0-4C49-A61A-7886C9552157}.Express|x64.Build.0 = Express|Any CPU
		{847A3249-A4B0-4C49-A61A-7886C9552157}.Express|x86.ActiveCfg = Express|Any CPU
		{847A3249-A4B0-4C49-A61A-7886C9552157}.Express|x86.Build.0 = Express|Any CPU
		{847A3249-A4B0-4C49-A61A-7886C9552157}.Nightly|Any CPU.ActiveCfg = Nightly|Any CPU
		{847A3249-A4B0-4C49-A61A-7886C9552157}.Nightly|Any CPU.Build.0 = Nightly|Any CPU
		{847A3249-A4B0-4C49-A61A-7886C9552157}.Nightly|x64.ActiveCfg = Nightly|Any CPU
		{847A3249-A4B0-4C49-A61A-7886C9552157}.Nightly|x64.Build.0 = Nightly|Any CPU
		{847A3249-A4B0-4C49-A61A-7886C9552157}.Nightly|x86.ActiveCfg = Nightly|Any CPU
		{847A3249-A4B0-4C49-A61A-7886C9552157}.Nightly|x86.Build.0 = Nightly|Any CPU
		{847A3249-A4B0-4C49-A61A-7886C9552157}.Release|Any CPU.ActiveCfg = Release|Any CPU
		{847A3249-A4B0-4C49-A61A-7886C9552157}.Release|Any CPU.Build.0 = Release|Any CPU
		{847A3249-A4B0-4C49-A61A-7886C9552157}.Release|x64.ActiveCfg = Release|Any CPU
		{847A3249-A4B0-4C49-A61A-7886C9552157}.Release|x64.Build.0 = Release|Any CPU
		{847A3249-A4B0-4C49-A61A-7886C9552157}.Release|x86.ActiveCfg = Release|Any CPU
		{847A3249-A4B0-4C49-A61A-7886C9552157}.Release|x86.Build.0 = Release|Any CPU
		{7FC12FF2-C25D-42AB-8BFB-B09C4F7A302D}.Commercial Deployment|Any CPU.ActiveCfg = Commercial Deployment|Any CPU
		{7FC12FF2-C25D-42AB-8BFB-B09C4F7A302D}.Commercial Deployment|Any CPU.Build.0 = Commercial Deployment|Any CPU
		{7FC12FF2-C25D-42AB-8BFB-B09C4F7A302D}.Commercial Deployment|x64.ActiveCfg = Commercial Deployment|Any CPU
		{7FC12FF2-C25D-42AB-8BFB-B09C4F7A302D}.Commercial Deployment|x64.Build.0 = Commercial Deployment|Any CPU
		{7FC12FF2-C25D-42AB-8BFB-B09C4F7A302D}.Commercial Deployment|x86.ActiveCfg = Commercial Deployment|Any CPU
		{7FC12FF2-C25D-42AB-8BFB-B09C4F7A302D}.Commercial Deployment|x86.Build.0 = Commercial Deployment|Any CPU
		{7FC12FF2-C25D-42AB-8BFB-B09C4F7A302D}.Debug|Any CPU.ActiveCfg = Debug|Any CPU
		{7FC12FF2-C25D-42AB-8BFB-B09C4F7A302D}.Debug|Any CPU.Build.0 = Debug|Any CPU
		{7FC12FF2-C25D-42AB-8BFB-B09C4F7A302D}.Debug|x64.ActiveCfg = Debug|Any CPU
		{7FC12FF2-C25D-42AB-8BFB-B09C4F7A302D}.Debug|x64.Build.0 = Debug|Any CPU
		{7FC12FF2-C25D-42AB-8BFB-B09C4F7A302D}.Debug|x86.ActiveCfg = Debug|Any CPU
		{7FC12FF2-C25D-42AB-8BFB-B09C4F7A302D}.Debug|x86.Build.0 = Debug|Any CPU
		{7FC12FF2-C25D-42AB-8BFB-B09C4F7A302D}.Deployment|Any CPU.ActiveCfg = Deployment|Any CPU
		{7FC12FF2-C25D-42AB-8BFB-B09C4F7A302D}.Deployment|Any CPU.Build.0 = Deployment|Any CPU
		{7FC12FF2-C25D-42AB-8BFB-B09C4F7A302D}.Deployment|x64.ActiveCfg = Deployment|Any CPU
		{7FC12FF2-C25D-42AB-8BFB-B09C4F7A302D}.Deployment|x64.Build.0 = Deployment|Any CPU
		{7FC12FF2-C25D-42AB-8BFB-B09C4F7A302D}.Deployment|x86.ActiveCfg = Deployment|Any CPU
		{7FC12FF2-C25D-42AB-8BFB-B09C4F7A302D}.Deployment|x86.Build.0 = Deployment|Any CPU
		{7FC12FF2-C25D-42AB-8BFB-B09C4F7A302D}.Design|Any CPU.ActiveCfg = Design|Any CPU
		{7FC12FF2-C25D-42AB-8BFB-B09C4F7A302D}.Design|Any CPU.Build.0 = Design|Any CPU
		{7FC12FF2-C25D-42AB-8BFB-B09C4F7A302D}.Design|x64.ActiveCfg = Design|Any CPU
		{7FC12FF2-C25D-42AB-8BFB-B09C4F7A302D}.Design|x64.Build.0 = Design|Any CPU
		{7FC12FF2-C25D-42AB-8BFB-B09C4F7A302D}.Design|x86.ActiveCfg = Design|Any CPU
		{7FC12FF2-C25D-42AB-8BFB-B09C4F7A302D}.Design|x86.Build.0 = Design|Any CPU
		{7FC12FF2-C25D-42AB-8BFB-B09C4F7A302D}.Documentation|Any CPU.ActiveCfg = Documentation|Any CPU
		{7FC12FF2-C25D-42AB-8BFB-B09C4F7A302D}.Documentation|Any CPU.Build.0 = Documentation|Any CPU
		{7FC12FF2-C25D-42AB-8BFB-B09C4F7A302D}.Documentation|x64.ActiveCfg = Documentation|Any CPU
		{7FC12FF2-C25D-42AB-8BFB-B09C4F7A302D}.Documentation|x64.Build.0 = Documentation|Any CPU
		{7FC12FF2-C25D-42AB-8BFB-B09C4F7A302D}.Documentation|x86.ActiveCfg = Documentation|Any CPU
		{7FC12FF2-C25D-42AB-8BFB-B09C4F7A302D}.Documentation|x86.Build.0 = Documentation|Any CPU
		{7FC12FF2-C25D-42AB-8BFB-B09C4F7A302D}.Express|Any CPU.ActiveCfg = Express|Any CPU
		{7FC12FF2-C25D-42AB-8BFB-B09C4F7A302D}.Express|Any CPU.Build.0 = Express|Any CPU
		{7FC12FF2-C25D-42AB-8BFB-B09C4F7A302D}.Express|x64.ActiveCfg = Express|Any CPU
		{7FC12FF2-C25D-42AB-8BFB-B09C4F7A302D}.Express|x64.Build.0 = Express|Any CPU
		{7FC12FF2-C25D-42AB-8BFB-B09C4F7A302D}.Express|x86.ActiveCfg = Express|Any CPU
		{7FC12FF2-C25D-42AB-8BFB-B09C4F7A302D}.Express|x86.Build.0 = Express|Any CPU
		{7FC12FF2-C25D-42AB-8BFB-B09C4F7A302D}.Nightly|Any CPU.ActiveCfg = Nightly|Any CPU
		{7FC12FF2-C25D-42AB-8BFB-B09C4F7A302D}.Nightly|Any CPU.Build.0 = Nightly|Any CPU
		{7FC12FF2-C25D-42AB-8BFB-B09C4F7A302D}.Nightly|x64.ActiveCfg = Nightly|Any CPU
		{7FC12FF2-C25D-42AB-8BFB-B09C4F7A302D}.Nightly|x64.Build.0 = Nightly|Any CPU
		{7FC12FF2-C25D-42AB-8BFB-B09C4F7A302D}.Nightly|x86.ActiveCfg = Nightly|Any CPU
		{7FC12FF2-C25D-42AB-8BFB-B09C4F7A302D}.Nightly|x86.Build.0 = Nightly|Any CPU
		{7FC12FF2-C25D-42AB-8BFB-B09C4F7A302D}.Release|Any CPU.ActiveCfg = Release|Any CPU
		{7FC12FF2-C25D-42AB-8BFB-B09C4F7A302D}.Release|Any CPU.Build.0 = Release|Any CPU
		{7FC12FF2-C25D-42AB-8BFB-B09C4F7A302D}.Release|x64.ActiveCfg = Release|Any CPU
		{7FC12FF2-C25D-42AB-8BFB-B09C4F7A302D}.Release|x64.Build.0 = Release|Any CPU
		{7FC12FF2-C25D-42AB-8BFB-B09C4F7A302D}.Release|x86.ActiveCfg = Release|Any CPU
		{7FC12FF2-C25D-42AB-8BFB-B09C4F7A302D}.Release|x86.Build.0 = Release|Any CPU
		{3253CB42-69DA-4AE1-9B2F-FA6A91543FC3}.Commercial Deployment|Any CPU.ActiveCfg = Release|Any CPU
		{3253CB42-69DA-4AE1-9B2F-FA6A91543FC3}.Commercial Deployment|Any CPU.Build.0 = Release|Any CPU
		{3253CB42-69DA-4AE1-9B2F-FA6A91543FC3}.Commercial Deployment|x64.ActiveCfg = Release|Any CPU
		{3253CB42-69DA-4AE1-9B2F-FA6A91543FC3}.Commercial Deployment|x64.Build.0 = Release|Any CPU
		{3253CB42-69DA-4AE1-9B2F-FA6A91543FC3}.Commercial Deployment|x86.ActiveCfg = Release|Any CPU
		{3253CB42-69DA-4AE1-9B2F-FA6A91543FC3}.Commercial Deployment|x86.Build.0 = Release|Any CPU
		{3253CB42-69DA-4AE1-9B2F-FA6A91543FC3}.Debug|Any CPU.ActiveCfg = Debug|Any CPU
		{3253CB42-69DA-4AE1-9B2F-FA6A91543FC3}.Debug|Any CPU.Build.0 = Debug|Any CPU
		{3253CB42-69DA-4AE1-9B2F-FA6A91543FC3}.Debug|x64.ActiveCfg = Debug|Any CPU
		{3253CB42-69DA-4AE1-9B2F-FA6A91543FC3}.Debug|x64.Build.0 = Debug|Any CPU
		{3253CB42-69DA-4AE1-9B2F-FA6A91543FC3}.Debug|x86.ActiveCfg = Debug|Any CPU
		{3253CB42-69DA-4AE1-9B2F-FA6A91543FC3}.Debug|x86.Build.0 = Debug|Any CPU
		{3253CB42-69DA-4AE1-9B2F-FA6A91543FC3}.Deployment|Any CPU.ActiveCfg = Debug|Any CPU
		{3253CB42-69DA-4AE1-9B2F-FA6A91543FC3}.Deployment|Any CPU.Build.0 = Debug|Any CPU
		{3253CB42-69DA-4AE1-9B2F-FA6A91543FC3}.Deployment|x64.ActiveCfg = Debug|Any CPU
		{3253CB42-69DA-4AE1-9B2F-FA6A91543FC3}.Deployment|x64.Build.0 = Debug|Any CPU
		{3253CB42-69DA-4AE1-9B2F-FA6A91543FC3}.Deployment|x86.ActiveCfg = Debug|Any CPU
		{3253CB42-69DA-4AE1-9B2F-FA6A91543FC3}.Deployment|x86.Build.0 = Debug|Any CPU
		{3253CB42-69DA-4AE1-9B2F-FA6A91543FC3}.Design|Any CPU.ActiveCfg = Debug|Any CPU
		{3253CB42-69DA-4AE1-9B2F-FA6A91543FC3}.Design|Any CPU.Build.0 = Debug|Any CPU
		{3253CB42-69DA-4AE1-9B2F-FA6A91543FC3}.Design|x64.ActiveCfg = Debug|Any CPU
		{3253CB42-69DA-4AE1-9B2F-FA6A91543FC3}.Design|x64.Build.0 = Debug|Any CPU
		{3253CB42-69DA-4AE1-9B2F-FA6A91543FC3}.Design|x86.ActiveCfg = Debug|Any CPU
		{3253CB42-69DA-4AE1-9B2F-FA6A91543FC3}.Design|x86.Build.0 = Debug|Any CPU
		{3253CB42-69DA-4AE1-9B2F-FA6A91543FC3}.Documentation|Any CPU.ActiveCfg = Debug|Any CPU
		{3253CB42-69DA-4AE1-9B2F-FA6A91543FC3}.Documentation|Any CPU.Build.0 = Debug|Any CPU
		{3253CB42-69DA-4AE1-9B2F-FA6A91543FC3}.Documentation|x64.ActiveCfg = Debug|Any CPU
		{3253CB42-69DA-4AE1-9B2F-FA6A91543FC3}.Documentation|x64.Build.0 = Debug|Any CPU
		{3253CB42-69DA-4AE1-9B2F-FA6A91543FC3}.Documentation|x86.ActiveCfg = Debug|Any CPU
		{3253CB42-69DA-4AE1-9B2F-FA6A91543FC3}.Documentation|x86.Build.0 = Debug|Any CPU
		{3253CB42-69DA-4AE1-9B2F-FA6A91543FC3}.Express|Any CPU.ActiveCfg = Release|Any CPU
		{3253CB42-69DA-4AE1-9B2F-FA6A91543FC3}.Express|Any CPU.Build.0 = Release|Any CPU
		{3253CB42-69DA-4AE1-9B2F-FA6A91543FC3}.Express|x64.ActiveCfg = Release|Any CPU
		{3253CB42-69DA-4AE1-9B2F-FA6A91543FC3}.Express|x64.Build.0 = Release|Any CPU
		{3253CB42-69DA-4AE1-9B2F-FA6A91543FC3}.Express|x86.ActiveCfg = Release|Any CPU
		{3253CB42-69DA-4AE1-9B2F-FA6A91543FC3}.Express|x86.Build.0 = Release|Any CPU
		{3253CB42-69DA-4AE1-9B2F-FA6A91543FC3}.Nightly|Any CPU.ActiveCfg = Release|Any CPU
		{3253CB42-69DA-4AE1-9B2F-FA6A91543FC3}.Nightly|Any CPU.Build.0 = Release|Any CPU
		{3253CB42-69DA-4AE1-9B2F-FA6A91543FC3}.Nightly|x64.ActiveCfg = Release|Any CPU
		{3253CB42-69DA-4AE1-9B2F-FA6A91543FC3}.Nightly|x64.Build.0 = Release|Any CPU
		{3253CB42-69DA-4AE1-9B2F-FA6A91543FC3}.Nightly|x86.ActiveCfg = Release|Any CPU
		{3253CB42-69DA-4AE1-9B2F-FA6A91543FC3}.Nightly|x86.Build.0 = Release|Any CPU
		{3253CB42-69DA-4AE1-9B2F-FA6A91543FC3}.Release|Any CPU.ActiveCfg = Release|Any CPU
		{3253CB42-69DA-4AE1-9B2F-FA6A91543FC3}.Release|Any CPU.Build.0 = Release|Any CPU
		{3253CB42-69DA-4AE1-9B2F-FA6A91543FC3}.Release|x64.ActiveCfg = Release|Any CPU
		{3253CB42-69DA-4AE1-9B2F-FA6A91543FC3}.Release|x64.Build.0 = Release|Any CPU
		{3253CB42-69DA-4AE1-9B2F-FA6A91543FC3}.Release|x86.ActiveCfg = Release|Any CPU
		{3253CB42-69DA-4AE1-9B2F-FA6A91543FC3}.Release|x86.Build.0 = Release|Any CPU
		{431E171C-3F35-4BA3-A3EA-49A89A937C6E}.Commercial Deployment|Any CPU.ActiveCfg = Commercial Deployment|Any CPU
		{431E171C-3F35-4BA3-A3EA-49A89A937C6E}.Commercial Deployment|Any CPU.Build.0 = Commercial Deployment|Any CPU
		{431E171C-3F35-4BA3-A3EA-49A89A937C6E}.Commercial Deployment|x64.ActiveCfg = Commercial Deployment|Any CPU
		{431E171C-3F35-4BA3-A3EA-49A89A937C6E}.Commercial Deployment|x64.Build.0 = Commercial Deployment|Any CPU
		{431E171C-3F35-4BA3-A3EA-49A89A937C6E}.Commercial Deployment|x86.ActiveCfg = Commercial Deployment|Any CPU
		{431E171C-3F35-4BA3-A3EA-49A89A937C6E}.Commercial Deployment|x86.Build.0 = Commercial Deployment|Any CPU
		{431E171C-3F35-4BA3-A3EA-49A89A937C6E}.Debug|Any CPU.ActiveCfg = Debug|Any CPU
		{431E171C-3F35-4BA3-A3EA-49A89A937C6E}.Debug|Any CPU.Build.0 = Debug|Any CPU
		{431E171C-3F35-4BA3-A3EA-49A89A937C6E}.Debug|x64.ActiveCfg = Debug|Any CPU
		{431E171C-3F35-4BA3-A3EA-49A89A937C6E}.Debug|x64.Build.0 = Debug|Any CPU
		{431E171C-3F35-4BA3-A3EA-49A89A937C6E}.Debug|x86.ActiveCfg = Debug|Any CPU
		{431E171C-3F35-4BA3-A3EA-49A89A937C6E}.Debug|x86.Build.0 = Debug|Any CPU
		{431E171C-3F35-4BA3-A3EA-49A89A937C6E}.Deployment|Any CPU.ActiveCfg = Deployment|Any CPU
		{431E171C-3F35-4BA3-A3EA-49A89A937C6E}.Deployment|Any CPU.Build.0 = Deployment|Any CPU
		{431E171C-3F35-4BA3-A3EA-49A89A937C6E}.Deployment|x64.ActiveCfg = Deployment|Any CPU
		{431E171C-3F35-4BA3-A3EA-49A89A937C6E}.Deployment|x64.Build.0 = Deployment|Any CPU
		{431E171C-3F35-4BA3-A3EA-49A89A937C6E}.Deployment|x86.ActiveCfg = Deployment|Any CPU
		{431E171C-3F35-4BA3-A3EA-49A89A937C6E}.Deployment|x86.Build.0 = Deployment|Any CPU
		{431E171C-3F35-4BA3-A3EA-49A89A937C6E}.Design|Any CPU.ActiveCfg = Design|Any CPU
		{431E171C-3F35-4BA3-A3EA-49A89A937C6E}.Design|Any CPU.Build.0 = Design|Any CPU
		{431E171C-3F35-4BA3-A3EA-49A89A937C6E}.Design|x64.ActiveCfg = Design|Any CPU
		{431E171C-3F35-4BA3-A3EA-49A89A937C6E}.Design|x64.Build.0 = Design|Any CPU
		{431E171C-3F35-4BA3-A3EA-49A89A937C6E}.Design|x86.ActiveCfg = Design|Any CPU
		{431E171C-3F35-4BA3-A3EA-49A89A937C6E}.Design|x86.Build.0 = Design|Any CPU
		{431E171C-3F35-4BA3-A3EA-49A89A937C6E}.Documentation|Any CPU.ActiveCfg = Documentation|Any CPU
		{431E171C-3F35-4BA3-A3EA-49A89A937C6E}.Documentation|Any CPU.Build.0 = Documentation|Any CPU
		{431E171C-3F35-4BA3-A3EA-49A89A937C6E}.Documentation|x64.ActiveCfg = Documentation|Any CPU
		{431E171C-3F35-4BA3-A3EA-49A89A937C6E}.Documentation|x64.Build.0 = Documentation|Any CPU
		{431E171C-3F35-4BA3-A3EA-49A89A937C6E}.Documentation|x86.ActiveCfg = Documentation|Any CPU
		{431E171C-3F35-4BA3-A3EA-49A89A937C6E}.Documentation|x86.Build.0 = Documentation|Any CPU
		{431E171C-3F35-4BA3-A3EA-49A89A937C6E}.Express|Any CPU.ActiveCfg = Express|Any CPU
		{431E171C-3F35-4BA3-A3EA-49A89A937C6E}.Express|Any CPU.Build.0 = Express|Any CPU
		{431E171C-3F35-4BA3-A3EA-49A89A937C6E}.Express|x64.ActiveCfg = Express|Any CPU
		{431E171C-3F35-4BA3-A3EA-49A89A937C6E}.Express|x64.Build.0 = Express|Any CPU
		{431E171C-3F35-4BA3-A3EA-49A89A937C6E}.Express|x86.ActiveCfg = Express|Any CPU
		{431E171C-3F35-4BA3-A3EA-49A89A937C6E}.Express|x86.Build.0 = Express|Any CPU
		{431E171C-3F35-4BA3-A3EA-49A89A937C6E}.Nightly|Any CPU.ActiveCfg = Nightly|Any CPU
		{431E171C-3F35-4BA3-A3EA-49A89A937C6E}.Nightly|Any CPU.Build.0 = Nightly|Any CPU
		{431E171C-3F35-4BA3-A3EA-49A89A937C6E}.Nightly|x64.ActiveCfg = Nightly|Any CPU
		{431E171C-3F35-4BA3-A3EA-49A89A937C6E}.Nightly|x64.Build.0 = Nightly|Any CPU
		{431E171C-3F35-4BA3-A3EA-49A89A937C6E}.Nightly|x86.ActiveCfg = Nightly|Any CPU
		{431E171C-3F35-4BA3-A3EA-49A89A937C6E}.Nightly|x86.Build.0 = Nightly|Any CPU
		{431E171C-3F35-4BA3-A3EA-49A89A937C6E}.Release|Any CPU.ActiveCfg = Release|Any CPU
		{431E171C-3F35-4BA3-A3EA-49A89A937C6E}.Release|Any CPU.Build.0 = Release|Any CPU
		{431E171C-3F35-4BA3-A3EA-49A89A937C6E}.Release|x64.ActiveCfg = Release|Any CPU
		{431E171C-3F35-4BA3-A3EA-49A89A937C6E}.Release|x64.Build.0 = Release|Any CPU
		{431E171C-3F35-4BA3-A3EA-49A89A937C6E}.Release|x86.ActiveCfg = Release|Any CPU
		{431E171C-3F35-4BA3-A3EA-49A89A937C6E}.Release|x86.Build.0 = Release|Any CPU
		{CF799803-1F38-4EAD-9323-6C9AFF50E4A3}.Commercial Deployment|Any CPU.ActiveCfg = Commercial Deployment|Any CPU
		{CF799803-1F38-4EAD-9323-6C9AFF50E4A3}.Commercial Deployment|Any CPU.Build.0 = Commercial Deployment|Any CPU
		{CF799803-1F38-4EAD-9323-6C9AFF50E4A3}.Commercial Deployment|x64.ActiveCfg = Commercial Deployment|Any CPU
		{CF799803-1F38-4EAD-9323-6C9AFF50E4A3}.Commercial Deployment|x64.Build.0 = Commercial Deployment|Any CPU
		{CF799803-1F38-4EAD-9323-6C9AFF50E4A3}.Commercial Deployment|x86.ActiveCfg = Commercial Deployment|Any CPU
		{CF799803-1F38-4EAD-9323-6C9AFF50E4A3}.Commercial Deployment|x86.Build.0 = Commercial Deployment|Any CPU
		{CF799803-1F38-4EAD-9323-6C9AFF50E4A3}.Debug|Any CPU.ActiveCfg = Debug|Any CPU
		{CF799803-1F38-4EAD-9323-6C9AFF50E4A3}.Debug|Any CPU.Build.0 = Debug|Any CPU
		{CF799803-1F38-4EAD-9323-6C9AFF50E4A3}.Debug|x64.ActiveCfg = Debug|Any CPU
		{CF799803-1F38-4EAD-9323-6C9AFF50E4A3}.Debug|x64.Build.0 = Debug|Any CPU
		{CF799803-1F38-4EAD-9323-6C9AFF50E4A3}.Debug|x86.ActiveCfg = Debug|Any CPU
		{CF799803-1F38-4EAD-9323-6C9AFF50E4A3}.Debug|x86.Build.0 = Debug|Any CPU
		{CF799803-1F38-4EAD-9323-6C9AFF50E4A3}.Deployment|Any CPU.ActiveCfg = Deployment|Any CPU
		{CF799803-1F38-4EAD-9323-6C9AFF50E4A3}.Deployment|Any CPU.Build.0 = Deployment|Any CPU
		{CF799803-1F38-4EAD-9323-6C9AFF50E4A3}.Deployment|x64.ActiveCfg = Deployment|Any CPU
		{CF799803-1F38-4EAD-9323-6C9AFF50E4A3}.Deployment|x64.Build.0 = Deployment|Any CPU
		{CF799803-1F38-4EAD-9323-6C9AFF50E4A3}.Deployment|x86.ActiveCfg = Deployment|Any CPU
		{CF799803-1F38-4EAD-9323-6C9AFF50E4A3}.Deployment|x86.Build.0 = Deployment|Any CPU
		{CF799803-1F38-4EAD-9323-6C9AFF50E4A3}.Design|Any CPU.ActiveCfg = Design|Any CPU
		{CF799803-1F38-4EAD-9323-6C9AFF50E4A3}.Design|Any CPU.Build.0 = Design|Any CPU
		{CF799803-1F38-4EAD-9323-6C9AFF50E4A3}.Design|x64.ActiveCfg = Design|Any CPU
		{CF799803-1F38-4EAD-9323-6C9AFF50E4A3}.Design|x64.Build.0 = Design|Any CPU
		{CF799803-1F38-4EAD-9323-6C9AFF50E4A3}.Design|x86.ActiveCfg = Design|Any CPU
		{CF799803-1F38-4EAD-9323-6C9AFF50E4A3}.Design|x86.Build.0 = Design|Any CPU
		{CF799803-1F38-4EAD-9323-6C9AFF50E4A3}.Documentation|Any CPU.ActiveCfg = Documentation|Any CPU
		{CF799803-1F38-4EAD-9323-6C9AFF50E4A3}.Documentation|Any CPU.Build.0 = Documentation|Any CPU
		{CF799803-1F38-4EAD-9323-6C9AFF50E4A3}.Documentation|x64.ActiveCfg = Documentation|Any CPU
		{CF799803-1F38-4EAD-9323-6C9AFF50E4A3}.Documentation|x64.Build.0 = Documentation|Any CPU
		{CF799803-1F38-4EAD-9323-6C9AFF50E4A3}.Documentation|x86.ActiveCfg = Documentation|Any CPU
		{CF799803-1F38-4EAD-9323-6C9AFF50E4A3}.Documentation|x86.Build.0 = Documentation|Any CPU
		{CF799803-1F38-4EAD-9323-6C9AFF50E4A3}.Express|Any CPU.ActiveCfg = Express|Any CPU
		{CF799803-1F38-4EAD-9323-6C9AFF50E4A3}.Express|Any CPU.Build.0 = Express|Any CPU
		{CF799803-1F38-4EAD-9323-6C9AFF50E4A3}.Express|x64.ActiveCfg = Express|Any CPU
		{CF799803-1F38-4EAD-9323-6C9AFF50E4A3}.Express|x64.Build.0 = Express|Any CPU
		{CF799803-1F38-4EAD-9323-6C9AFF50E4A3}.Express|x86.ActiveCfg = Express|Any CPU
		{CF799803-1F38-4EAD-9323-6C9AFF50E4A3}.Express|x86.Build.0 = Express|Any CPU
		{CF799803-1F38-4EAD-9323-6C9AFF50E4A3}.Nightly|Any CPU.ActiveCfg = Nightly|Any CPU
		{CF799803-1F38-4EAD-9323-6C9AFF50E4A3}.Nightly|Any CPU.Build.0 = Nightly|Any CPU
		{CF799803-1F38-4EAD-9323-6C9AFF50E4A3}.Nightly|x64.ActiveCfg = Nightly|Any CPU
		{CF799803-1F38-4EAD-9323-6C9AFF50E4A3}.Nightly|x64.Build.0 = Nightly|Any CPU
		{CF799803-1F38-4EAD-9323-6C9AFF50E4A3}.Nightly|x86.ActiveCfg = Nightly|Any CPU
		{CF799803-1F38-4EAD-9323-6C9AFF50E4A3}.Nightly|x86.Build.0 = Nightly|Any CPU
		{CF799803-1F38-4EAD-9323-6C9AFF50E4A3}.Release|Any CPU.ActiveCfg = Release|Any CPU
		{CF799803-1F38-4EAD-9323-6C9AFF50E4A3}.Release|Any CPU.Build.0 = Release|Any CPU
		{CF799803-1F38-4EAD-9323-6C9AFF50E4A3}.Release|x64.ActiveCfg = Release|Any CPU
		{CF799803-1F38-4EAD-9323-6C9AFF50E4A3}.Release|x64.Build.0 = Release|Any CPU
		{CF799803-1F38-4EAD-9323-6C9AFF50E4A3}.Release|x86.ActiveCfg = Release|Any CPU
		{CF799803-1F38-4EAD-9323-6C9AFF50E4A3}.Release|x86.Build.0 = Release|Any CPU
		{D0FE6A73-39B9-4FDB-8B67-87DCC3EC29C8}.Commercial Deployment|Any CPU.ActiveCfg = Release|Any CPU
		{D0FE6A73-39B9-4FDB-8B67-87DCC3EC29C8}.Commercial Deployment|Any CPU.Build.0 = Release|Any CPU
		{D0FE6A73-39B9-4FDB-8B67-87DCC3EC29C8}.Commercial Deployment|x64.ActiveCfg = Release|Any CPU
		{D0FE6A73-39B9-4FDB-8B67-87DCC3EC29C8}.Commercial Deployment|x64.Build.0 = Release|Any CPU
		{D0FE6A73-39B9-4FDB-8B67-87DCC3EC29C8}.Commercial Deployment|x86.ActiveCfg = Release|Any CPU
		{D0FE6A73-39B9-4FDB-8B67-87DCC3EC29C8}.Commercial Deployment|x86.Build.0 = Release|Any CPU
		{D0FE6A73-39B9-4FDB-8B67-87DCC3EC29C8}.Debug|Any CPU.ActiveCfg = Debug|Any CPU
		{D0FE6A73-39B9-4FDB-8B67-87DCC3EC29C8}.Debug|Any CPU.Build.0 = Debug|Any CPU
		{D0FE6A73-39B9-4FDB-8B67-87DCC3EC29C8}.Debug|x64.ActiveCfg = Debug|Any CPU
		{D0FE6A73-39B9-4FDB-8B67-87DCC3EC29C8}.Debug|x64.Build.0 = Debug|Any CPU
		{D0FE6A73-39B9-4FDB-8B67-87DCC3EC29C8}.Debug|x86.ActiveCfg = Debug|Any CPU
		{D0FE6A73-39B9-4FDB-8B67-87DCC3EC29C8}.Debug|x86.Build.0 = Debug|Any CPU
		{D0FE6A73-39B9-4FDB-8B67-87DCC3EC29C8}.Deployment|Any CPU.ActiveCfg = Debug|Any CPU
		{D0FE6A73-39B9-4FDB-8B67-87DCC3EC29C8}.Deployment|Any CPU.Build.0 = Debug|Any CPU
		{D0FE6A73-39B9-4FDB-8B67-87DCC3EC29C8}.Deployment|x64.ActiveCfg = Debug|Any CPU
		{D0FE6A73-39B9-4FDB-8B67-87DCC3EC29C8}.Deployment|x64.Build.0 = Debug|Any CPU
		{D0FE6A73-39B9-4FDB-8B67-87DCC3EC29C8}.Deployment|x86.ActiveCfg = Debug|Any CPU
		{D0FE6A73-39B9-4FDB-8B67-87DCC3EC29C8}.Deployment|x86.Build.0 = Debug|Any CPU
		{D0FE6A73-39B9-4FDB-8B67-87DCC3EC29C8}.Design|Any CPU.ActiveCfg = Debug|Any CPU
		{D0FE6A73-39B9-4FDB-8B67-87DCC3EC29C8}.Design|Any CPU.Build.0 = Debug|Any CPU
		{D0FE6A73-39B9-4FDB-8B67-87DCC3EC29C8}.Design|x64.ActiveCfg = Debug|Any CPU
		{D0FE6A73-39B9-4FDB-8B67-87DCC3EC29C8}.Design|x64.Build.0 = Debug|Any CPU
		{D0FE6A73-39B9-4FDB-8B67-87DCC3EC29C8}.Design|x86.ActiveCfg = Debug|Any CPU
		{D0FE6A73-39B9-4FDB-8B67-87DCC3EC29C8}.Design|x86.Build.0 = Debug|Any CPU
		{D0FE6A73-39B9-4FDB-8B67-87DCC3EC29C8}.Documentation|Any CPU.ActiveCfg = Debug|Any CPU
		{D0FE6A73-39B9-4FDB-8B67-87DCC3EC29C8}.Documentation|Any CPU.Build.0 = Debug|Any CPU
		{D0FE6A73-39B9-4FDB-8B67-87DCC3EC29C8}.Documentation|x64.ActiveCfg = Debug|Any CPU
		{D0FE6A73-39B9-4FDB-8B67-87DCC3EC29C8}.Documentation|x64.Build.0 = Debug|Any CPU
		{D0FE6A73-39B9-4FDB-8B67-87DCC3EC29C8}.Documentation|x86.ActiveCfg = Debug|Any CPU
		{D0FE6A73-39B9-4FDB-8B67-87DCC3EC29C8}.Documentation|x86.Build.0 = Debug|Any CPU
		{D0FE6A73-39B9-4FDB-8B67-87DCC3EC29C8}.Express|Any CPU.ActiveCfg = Release|Any CPU
		{D0FE6A73-39B9-4FDB-8B67-87DCC3EC29C8}.Express|Any CPU.Build.0 = Release|Any CPU
		{D0FE6A73-39B9-4FDB-8B67-87DCC3EC29C8}.Express|x64.ActiveCfg = Release|Any CPU
		{D0FE6A73-39B9-4FDB-8B67-87DCC3EC29C8}.Express|x64.Build.0 = Release|Any CPU
		{D0FE6A73-39B9-4FDB-8B67-87DCC3EC29C8}.Express|x86.ActiveCfg = Release|Any CPU
		{D0FE6A73-39B9-4FDB-8B67-87DCC3EC29C8}.Express|x86.Build.0 = Release|Any CPU
		{D0FE6A73-39B9-4FDB-8B67-87DCC3EC29C8}.Nightly|Any CPU.ActiveCfg = Release|Any CPU
		{D0FE6A73-39B9-4FDB-8B67-87DCC3EC29C8}.Nightly|Any CPU.Build.0 = Release|Any CPU
		{D0FE6A73-39B9-4FDB-8B67-87DCC3EC29C8}.Nightly|x64.ActiveCfg = Release|Any CPU
		{D0FE6A73-39B9-4FDB-8B67-87DCC3EC29C8}.Nightly|x64.Build.0 = Release|Any CPU
		{D0FE6A73-39B9-4FDB-8B67-87DCC3EC29C8}.Nightly|x86.ActiveCfg = Release|Any CPU
		{D0FE6A73-39B9-4FDB-8B67-87DCC3EC29C8}.Nightly|x86.Build.0 = Release|Any CPU
		{D0FE6A73-39B9-4FDB-8B67-87DCC3EC29C8}.Release|Any CPU.ActiveCfg = Release|Any CPU
		{D0FE6A73-39B9-4FDB-8B67-87DCC3EC29C8}.Release|Any CPU.Build.0 = Release|Any CPU
		{D0FE6A73-39B9-4FDB-8B67-87DCC3EC29C8}.Release|x64.ActiveCfg = Release|Any CPU
		{D0FE6A73-39B9-4FDB-8B67-87DCC3EC29C8}.Release|x64.Build.0 = Release|Any CPU
		{D0FE6A73-39B9-4FDB-8B67-87DCC3EC29C8}.Release|x86.ActiveCfg = Release|Any CPU
		{D0FE6A73-39B9-4FDB-8B67-87DCC3EC29C8}.Release|x86.Build.0 = Release|Any CPU
		{4E0CF3C6-F003-4179-AEFE-46FBC96427C6}.Commercial Deployment|Any CPU.ActiveCfg = Commercial Deployment|Any CPU
		{4E0CF3C6-F003-4179-AEFE-46FBC96427C6}.Commercial Deployment|Any CPU.Build.0 = Commercial Deployment|Any CPU
		{4E0CF3C6-F003-4179-AEFE-46FBC96427C6}.Commercial Deployment|x64.ActiveCfg = Commercial Deployment|Any CPU
		{4E0CF3C6-F003-4179-AEFE-46FBC96427C6}.Commercial Deployment|x64.Build.0 = Commercial Deployment|Any CPU
		{4E0CF3C6-F003-4179-AEFE-46FBC96427C6}.Commercial Deployment|x86.ActiveCfg = Commercial Deployment|Any CPU
		{4E0CF3C6-F003-4179-AEFE-46FBC96427C6}.Commercial Deployment|x86.Build.0 = Commercial Deployment|Any CPU
		{4E0CF3C6-F003-4179-AEFE-46FBC96427C6}.Debug|Any CPU.ActiveCfg = Debug|Any CPU
		{4E0CF3C6-F003-4179-AEFE-46FBC96427C6}.Debug|Any CPU.Build.0 = Debug|Any CPU
		{4E0CF3C6-F003-4179-AEFE-46FBC96427C6}.Debug|x64.ActiveCfg = Debug|Any CPU
		{4E0CF3C6-F003-4179-AEFE-46FBC96427C6}.Debug|x64.Build.0 = Debug|Any CPU
		{4E0CF3C6-F003-4179-AEFE-46FBC96427C6}.Debug|x86.ActiveCfg = Debug|Any CPU
		{4E0CF3C6-F003-4179-AEFE-46FBC96427C6}.Debug|x86.Build.0 = Debug|Any CPU
		{4E0CF3C6-F003-4179-AEFE-46FBC96427C6}.Deployment|Any CPU.ActiveCfg = Deployment|Any CPU
		{4E0CF3C6-F003-4179-AEFE-46FBC96427C6}.Deployment|Any CPU.Build.0 = Deployment|Any CPU
		{4E0CF3C6-F003-4179-AEFE-46FBC96427C6}.Deployment|x64.ActiveCfg = Deployment|Any CPU
		{4E0CF3C6-F003-4179-AEFE-46FBC96427C6}.Deployment|x64.Build.0 = Deployment|Any CPU
		{4E0CF3C6-F003-4179-AEFE-46FBC96427C6}.Deployment|x86.ActiveCfg = Deployment|Any CPU
		{4E0CF3C6-F003-4179-AEFE-46FBC96427C6}.Deployment|x86.Build.0 = Deployment|Any CPU
		{4E0CF3C6-F003-4179-AEFE-46FBC96427C6}.Design|Any CPU.ActiveCfg = Design|Any CPU
		{4E0CF3C6-F003-4179-AEFE-46FBC96427C6}.Design|Any CPU.Build.0 = Design|Any CPU
		{4E0CF3C6-F003-4179-AEFE-46FBC96427C6}.Design|x64.ActiveCfg = Design|Any CPU
		{4E0CF3C6-F003-4179-AEFE-46FBC96427C6}.Design|x64.Build.0 = Design|Any CPU
		{4E0CF3C6-F003-4179-AEFE-46FBC96427C6}.Design|x86.ActiveCfg = Design|Any CPU
		{4E0CF3C6-F003-4179-AEFE-46FBC96427C6}.Design|x86.Build.0 = Design|Any CPU
		{4E0CF3C6-F003-4179-AEFE-46FBC96427C6}.Documentation|Any CPU.ActiveCfg = Documentation|Any CPU
		{4E0CF3C6-F003-4179-AEFE-46FBC96427C6}.Documentation|Any CPU.Build.0 = Documentation|Any CPU
		{4E0CF3C6-F003-4179-AEFE-46FBC96427C6}.Documentation|x64.ActiveCfg = Documentation|Any CPU
		{4E0CF3C6-F003-4179-AEFE-46FBC96427C6}.Documentation|x64.Build.0 = Documentation|Any CPU
		{4E0CF3C6-F003-4179-AEFE-46FBC96427C6}.Documentation|x86.ActiveCfg = Documentation|Any CPU
		{4E0CF3C6-F003-4179-AEFE-46FBC96427C6}.Documentation|x86.Build.0 = Documentation|Any CPU
		{4E0CF3C6-F003-4179-AEFE-46FBC96427C6}.Express|Any CPU.ActiveCfg = Express|Any CPU
		{4E0CF3C6-F003-4179-AEFE-46FBC96427C6}.Express|Any CPU.Build.0 = Express|Any CPU
		{4E0CF3C6-F003-4179-AEFE-46FBC96427C6}.Express|x64.ActiveCfg = Express|Any CPU
		{4E0CF3C6-F003-4179-AEFE-46FBC96427C6}.Express|x64.Build.0 = Express|Any CPU
		{4E0CF3C6-F003-4179-AEFE-46FBC96427C6}.Express|x86.ActiveCfg = Express|Any CPU
		{4E0CF3C6-F003-4179-AEFE-46FBC96427C6}.Express|x86.Build.0 = Express|Any CPU
		{4E0CF3C6-F003-4179-AEFE-46FBC96427C6}.Nightly|Any CPU.ActiveCfg = Nightly|Any CPU
		{4E0CF3C6-F003-4179-AEFE-46FBC96427C6}.Nightly|Any CPU.Build.0 = Nightly|Any CPU
		{4E0CF3C6-F003-4179-AEFE-46FBC96427C6}.Nightly|x64.ActiveCfg = Nightly|Any CPU
		{4E0CF3C6-F003-4179-AEFE-46FBC96427C6}.Nightly|x64.Build.0 = Nightly|Any CPU
		{4E0CF3C6-F003-4179-AEFE-46FBC96427C6}.Nightly|x86.ActiveCfg = Nightly|Any CPU
		{4E0CF3C6-F003-4179-AEFE-46FBC96427C6}.Nightly|x86.Build.0 = Nightly|Any CPU
		{4E0CF3C6-F003-4179-AEFE-46FBC96427C6}.Release|Any CPU.ActiveCfg = Release|Any CPU
		{4E0CF3C6-F003-4179-AEFE-46FBC96427C6}.Release|Any CPU.Build.0 = Release|Any CPU
		{4E0CF3C6-F003-4179-AEFE-46FBC96427C6}.Release|x64.ActiveCfg = Release|Any CPU
		{4E0CF3C6-F003-4179-AEFE-46FBC96427C6}.Release|x64.Build.0 = Release|Any CPU
		{4E0CF3C6-F003-4179-AEFE-46FBC96427C6}.Release|x86.ActiveCfg = Release|Any CPU
		{4E0CF3C6-F003-4179-AEFE-46FBC96427C6}.Release|x86.Build.0 = Release|Any CPU
		{CE9FE1FE-8877-4199-A823-6B75219942F8}.Commercial Deployment|Any CPU.ActiveCfg = Commercial Deployment|Any CPU
		{CE9FE1FE-8877-4199-A823-6B75219942F8}.Commercial Deployment|Any CPU.Build.0 = Commercial Deployment|Any CPU
		{CE9FE1FE-8877-4199-A823-6B75219942F8}.Commercial Deployment|x64.ActiveCfg = Commercial Deployment|Any CPU
		{CE9FE1FE-8877-4199-A823-6B75219942F8}.Commercial Deployment|x64.Build.0 = Commercial Deployment|Any CPU
		{CE9FE1FE-8877-4199-A823-6B75219942F8}.Commercial Deployment|x86.ActiveCfg = Commercial Deployment|Any CPU
		{CE9FE1FE-8877-4199-A823-6B75219942F8}.Commercial Deployment|x86.Build.0 = Commercial Deployment|Any CPU
		{CE9FE1FE-8877-4199-A823-6B75219942F8}.Debug|Any CPU.ActiveCfg = Debug|Any CPU
		{CE9FE1FE-8877-4199-A823-6B75219942F8}.Debug|Any CPU.Build.0 = Debug|Any CPU
		{CE9FE1FE-8877-4199-A823-6B75219942F8}.Debug|x64.ActiveCfg = Debug|Any CPU
		{CE9FE1FE-8877-4199-A823-6B75219942F8}.Debug|x64.Build.0 = Debug|Any CPU
		{CE9FE1FE-8877-4199-A823-6B75219942F8}.Debug|x86.ActiveCfg = Debug|Any CPU
		{CE9FE1FE-8877-4199-A823-6B75219942F8}.Debug|x86.Build.0 = Debug|Any CPU
		{CE9FE1FE-8877-4199-A823-6B75219942F8}.Deployment|Any CPU.ActiveCfg = Deployment|Any CPU
		{CE9FE1FE-8877-4199-A823-6B75219942F8}.Deployment|Any CPU.Build.0 = Deployment|Any CPU
		{CE9FE1FE-8877-4199-A823-6B75219942F8}.Deployment|x64.ActiveCfg = Deployment|Any CPU
		{CE9FE1FE-8877-4199-A823-6B75219942F8}.Deployment|x64.Build.0 = Deployment|Any CPU
		{CE9FE1FE-8877-4199-A823-6B75219942F8}.Deployment|x86.ActiveCfg = Deployment|Any CPU
		{CE9FE1FE-8877-4199-A823-6B75219942F8}.Deployment|x86.Build.0 = Deployment|Any CPU
		{CE9FE1FE-8877-4199-A823-6B75219942F8}.Design|Any CPU.ActiveCfg = Design|Any CPU
		{CE9FE1FE-8877-4199-A823-6B75219942F8}.Design|Any CPU.Build.0 = Design|Any CPU
		{CE9FE1FE-8877-4199-A823-6B75219942F8}.Design|x64.ActiveCfg = Design|Any CPU
		{CE9FE1FE-8877-4199-A823-6B75219942F8}.Design|x64.Build.0 = Design|Any CPU
		{CE9FE1FE-8877-4199-A823-6B75219942F8}.Design|x86.ActiveCfg = Design|Any CPU
		{CE9FE1FE-8877-4199-A823-6B75219942F8}.Design|x86.Build.0 = Design|Any CPU
		{CE9FE1FE-8877-4199-A823-6B75219942F8}.Documentation|Any CPU.ActiveCfg = Documentation|Any CPU
		{CE9FE1FE-8877-4199-A823-6B75219942F8}.Documentation|Any CPU.Build.0 = Documentation|Any CPU
		{CE9FE1FE-8877-4199-A823-6B75219942F8}.Documentation|x64.ActiveCfg = Documentation|Any CPU
		{CE9FE1FE-8877-4199-A823-6B75219942F8}.Documentation|x64.Build.0 = Documentation|Any CPU
		{CE9FE1FE-8877-4199-A823-6B75219942F8}.Documentation|x86.ActiveCfg = Documentation|Any CPU
		{CE9FE1FE-8877-4199-A823-6B75219942F8}.Documentation|x86.Build.0 = Documentation|Any CPU
		{CE9FE1FE-8877-4199-A823-6B75219942F8}.Express|Any CPU.ActiveCfg = Express|Any CPU
		{CE9FE1FE-8877-4199-A823-6B75219942F8}.Express|Any CPU.Build.0 = Express|Any CPU
		{CE9FE1FE-8877-4199-A823-6B75219942F8}.Express|x64.ActiveCfg = Express|Any CPU
		{CE9FE1FE-8877-4199-A823-6B75219942F8}.Express|x64.Build.0 = Express|Any CPU
		{CE9FE1FE-8877-4199-A823-6B75219942F8}.Express|x86.ActiveCfg = Express|Any CPU
		{CE9FE1FE-8877-4199-A823-6B75219942F8}.Express|x86.Build.0 = Express|Any CPU
		{CE9FE1FE-8877-4199-A823-6B75219942F8}.Nightly|Any CPU.ActiveCfg = Nightly|Any CPU
		{CE9FE1FE-8877-4199-A823-6B75219942F8}.Nightly|Any CPU.Build.0 = Nightly|Any CPU
		{CE9FE1FE-8877-4199-A823-6B75219942F8}.Nightly|x64.ActiveCfg = Nightly|Any CPU
		{CE9FE1FE-8877-4199-A823-6B75219942F8}.Nightly|x64.Build.0 = Nightly|Any CPU
		{CE9FE1FE-8877-4199-A823-6B75219942F8}.Nightly|x86.ActiveCfg = Nightly|Any CPU
		{CE9FE1FE-8877-4199-A823-6B75219942F8}.Nightly|x86.Build.0 = Nightly|Any CPU
		{CE9FE1FE-8877-4199-A823-6B75219942F8}.Release|Any CPU.ActiveCfg = Release|Any CPU
		{CE9FE1FE-8877-4199-A823-6B75219942F8}.Release|Any CPU.Build.0 = Release|Any CPU
		{CE9FE1FE-8877-4199-A823-6B75219942F8}.Release|x64.ActiveCfg = Release|Any CPU
		{CE9FE1FE-8877-4199-A823-6B75219942F8}.Release|x64.Build.0 = Release|Any CPU
		{CE9FE1FE-8877-4199-A823-6B75219942F8}.Release|x86.ActiveCfg = Release|Any CPU
		{CE9FE1FE-8877-4199-A823-6B75219942F8}.Release|x86.Build.0 = Release|Any CPU
		{850DC8AB-F72A-4C08-A052-A1F266E7EA2B}.Commercial Deployment|Any CPU.ActiveCfg = Release|Any CPU
		{850DC8AB-F72A-4C08-A052-A1F266E7EA2B}.Commercial Deployment|Any CPU.Build.0 = Release|Any CPU
		{850DC8AB-F72A-4C08-A052-A1F266E7EA2B}.Commercial Deployment|x64.ActiveCfg = Release|Any CPU
		{850DC8AB-F72A-4C08-A052-A1F266E7EA2B}.Commercial Deployment|x64.Build.0 = Release|Any CPU
		{850DC8AB-F72A-4C08-A052-A1F266E7EA2B}.Commercial Deployment|x86.ActiveCfg = Release|Any CPU
		{850DC8AB-F72A-4C08-A052-A1F266E7EA2B}.Commercial Deployment|x86.Build.0 = Release|Any CPU
		{850DC8AB-F72A-4C08-A052-A1F266E7EA2B}.Debug|Any CPU.ActiveCfg = Debug|Any CPU
		{850DC8AB-F72A-4C08-A052-A1F266E7EA2B}.Debug|Any CPU.Build.0 = Debug|Any CPU
		{850DC8AB-F72A-4C08-A052-A1F266E7EA2B}.Debug|x64.ActiveCfg = Debug|Any CPU
		{850DC8AB-F72A-4C08-A052-A1F266E7EA2B}.Debug|x64.Build.0 = Debug|Any CPU
		{850DC8AB-F72A-4C08-A052-A1F266E7EA2B}.Debug|x86.ActiveCfg = Debug|Any CPU
		{850DC8AB-F72A-4C08-A052-A1F266E7EA2B}.Debug|x86.Build.0 = Debug|Any CPU
		{850DC8AB-F72A-4C08-A052-A1F266E7EA2B}.Deployment|Any CPU.ActiveCfg = Debug|Any CPU
		{850DC8AB-F72A-4C08-A052-A1F266E7EA2B}.Deployment|Any CPU.Build.0 = Debug|Any CPU
		{850DC8AB-F72A-4C08-A052-A1F266E7EA2B}.Deployment|x64.ActiveCfg = Debug|Any CPU
		{850DC8AB-F72A-4C08-A052-A1F266E7EA2B}.Deployment|x64.Build.0 = Debug|Any CPU
		{850DC8AB-F72A-4C08-A052-A1F266E7EA2B}.Deployment|x86.ActiveCfg = Debug|Any CPU
		{850DC8AB-F72A-4C08-A052-A1F266E7EA2B}.Deployment|x86.Build.0 = Debug|Any CPU
		{850DC8AB-F72A-4C08-A052-A1F266E7EA2B}.Design|Any CPU.ActiveCfg = Debug|Any CPU
		{850DC8AB-F72A-4C08-A052-A1F266E7EA2B}.Design|Any CPU.Build.0 = Debug|Any CPU
		{850DC8AB-F72A-4C08-A052-A1F266E7EA2B}.Design|x64.ActiveCfg = Debug|Any CPU
		{850DC8AB-F72A-4C08-A052-A1F266E7EA2B}.Design|x64.Build.0 = Debug|Any CPU
		{850DC8AB-F72A-4C08-A052-A1F266E7EA2B}.Design|x86.ActiveCfg = Debug|Any CPU
		{850DC8AB-F72A-4C08-A052-A1F266E7EA2B}.Design|x86.Build.0 = Debug|Any CPU
		{850DC8AB-F72A-4C08-A052-A1F266E7EA2B}.Documentation|Any CPU.ActiveCfg = Debug|Any CPU
		{850DC8AB-F72A-4C08-A052-A1F266E7EA2B}.Documentation|Any CPU.Build.0 = Debug|Any CPU
		{850DC8AB-F72A-4C08-A052-A1F266E7EA2B}.Documentation|x64.ActiveCfg = Debug|Any CPU
		{850DC8AB-F72A-4C08-A052-A1F266E7EA2B}.Documentation|x64.Build.0 = Debug|Any CPU
		{850DC8AB-F72A-4C08-A052-A1F266E7EA2B}.Documentation|x86.ActiveCfg = Debug|Any CPU
		{850DC8AB-F72A-4C08-A052-A1F266E7EA2B}.Documentation|x86.Build.0 = Debug|Any CPU
		{850DC8AB-F72A-4C08-A052-A1F266E7EA2B}.Express|Any CPU.ActiveCfg = Release|Any CPU
		{850DC8AB-F72A-4C08-A052-A1F266E7EA2B}.Express|Any CPU.Build.0 = Release|Any CPU
		{850DC8AB-F72A-4C08-A052-A1F266E7EA2B}.Express|x64.ActiveCfg = Release|Any CPU
		{850DC8AB-F72A-4C08-A052-A1F266E7EA2B}.Express|x64.Build.0 = Release|Any CPU
		{850DC8AB-F72A-4C08-A052-A1F266E7EA2B}.Express|x86.ActiveCfg = Release|Any CPU
		{850DC8AB-F72A-4C08-A052-A1F266E7EA2B}.Express|x86.Build.0 = Release|Any CPU
		{850DC8AB-F72A-4C08-A052-A1F266E7EA2B}.Nightly|Any CPU.ActiveCfg = Release|Any CPU
		{850DC8AB-F72A-4C08-A052-A1F266E7EA2B}.Nightly|Any CPU.Build.0 = Release|Any CPU
		{850DC8AB-F72A-4C08-A052-A1F266E7EA2B}.Nightly|x64.ActiveCfg = Release|Any CPU
		{850DC8AB-F72A-4C08-A052-A1F266E7EA2B}.Nightly|x64.Build.0 = Release|Any CPU
		{850DC8AB-F72A-4C08-A052-A1F266E7EA2B}.Nightly|x86.ActiveCfg = Release|Any CPU
		{850DC8AB-F72A-4C08-A052-A1F266E7EA2B}.Nightly|x86.Build.0 = Release|Any CPU
		{850DC8AB-F72A-4C08-A052-A1F266E7EA2B}.Release|Any CPU.ActiveCfg = Release|Any CPU
		{850DC8AB-F72A-4C08-A052-A1F266E7EA2B}.Release|Any CPU.Build.0 = Release|Any CPU
		{850DC8AB-F72A-4C08-A052-A1F266E7EA2B}.Release|x64.ActiveCfg = Release|Any CPU
		{850DC8AB-F72A-4C08-A052-A1F266E7EA2B}.Release|x64.Build.0 = Release|Any CPU
		{850DC8AB-F72A-4C08-A052-A1F266E7EA2B}.Release|x86.ActiveCfg = Release|Any CPU
		{850DC8AB-F72A-4C08-A052-A1F266E7EA2B}.Release|x86.Build.0 = Release|Any CPU
		{A257A602-4217-4FBD-870E-5643C5B97688}.Commercial Deployment|Any CPU.ActiveCfg = Release|Any CPU
		{A257A602-4217-4FBD-870E-5643C5B97688}.Commercial Deployment|Any CPU.Build.0 = Release|Any CPU
		{A257A602-4217-4FBD-870E-5643C5B97688}.Commercial Deployment|x64.ActiveCfg = Release|Any CPU
		{A257A602-4217-4FBD-870E-5643C5B97688}.Commercial Deployment|x64.Build.0 = Release|Any CPU
		{A257A602-4217-4FBD-870E-5643C5B97688}.Commercial Deployment|x86.ActiveCfg = Release|Any CPU
		{A257A602-4217-4FBD-870E-5643C5B97688}.Commercial Deployment|x86.Build.0 = Release|Any CPU
		{A257A602-4217-4FBD-870E-5643C5B97688}.Debug|Any CPU.ActiveCfg = Debug|Any CPU
		{A257A602-4217-4FBD-870E-5643C5B97688}.Debug|Any CPU.Build.0 = Debug|Any CPU
		{A257A602-4217-4FBD-870E-5643C5B97688}.Debug|x64.ActiveCfg = Debug|Any CPU
		{A257A602-4217-4FBD-870E-5643C5B97688}.Debug|x64.Build.0 = Debug|Any CPU
		{A257A602-4217-4FBD-870E-5643C5B97688}.Debug|x86.ActiveCfg = Debug|Any CPU
		{A257A602-4217-4FBD-870E-5643C5B97688}.Debug|x86.Build.0 = Debug|Any CPU
		{A257A602-4217-4FBD-870E-5643C5B97688}.Deployment|Any CPU.ActiveCfg = Debug|Any CPU
		{A257A602-4217-4FBD-870E-5643C5B97688}.Deployment|Any CPU.Build.0 = Debug|Any CPU
		{A257A602-4217-4FBD-870E-5643C5B97688}.Deployment|x64.ActiveCfg = Debug|Any CPU
		{A257A602-4217-4FBD-870E-5643C5B97688}.Deployment|x64.Build.0 = Debug|Any CPU
		{A257A602-4217-4FBD-870E-5643C5B97688}.Deployment|x86.ActiveCfg = Debug|Any CPU
		{A257A602-4217-4FBD-870E-5643C5B97688}.Deployment|x86.Build.0 = Debug|Any CPU
		{A257A602-4217-4FBD-870E-5643C5B97688}.Design|Any CPU.ActiveCfg = Debug|Any CPU
		{A257A602-4217-4FBD-870E-5643C5B97688}.Design|Any CPU.Build.0 = Debug|Any CPU
		{A257A602-4217-4FBD-870E-5643C5B97688}.Design|x64.ActiveCfg = Debug|Any CPU
		{A257A602-4217-4FBD-870E-5643C5B97688}.Design|x64.Build.0 = Debug|Any CPU
		{A257A602-4217-4FBD-870E-5643C5B97688}.Design|x86.ActiveCfg = Debug|Any CPU
		{A257A602-4217-4FBD-870E-5643C5B97688}.Design|x86.Build.0 = Debug|Any CPU
		{A257A602-4217-4FBD-870E-5643C5B97688}.Documentation|Any CPU.ActiveCfg = Debug|Any CPU
		{A257A602-4217-4FBD-870E-5643C5B97688}.Documentation|Any CPU.Build.0 = Debug|Any CPU
		{A257A602-4217-4FBD-870E-5643C5B97688}.Documentation|x64.ActiveCfg = Debug|Any CPU
		{A257A602-4217-4FBD-870E-5643C5B97688}.Documentation|x64.Build.0 = Debug|Any CPU
		{A257A602-4217-4FBD-870E-5643C5B97688}.Documentation|x86.ActiveCfg = Debug|Any CPU
		{A257A602-4217-4FBD-870E-5643C5B97688}.Documentation|x86.Build.0 = Debug|Any CPU
		{A257A602-4217-4FBD-870E-5643C5B97688}.Express|Any CPU.ActiveCfg = Release|Any CPU
		{A257A602-4217-4FBD-870E-5643C5B97688}.Express|Any CPU.Build.0 = Release|Any CPU
		{A257A602-4217-4FBD-870E-5643C5B97688}.Express|x64.ActiveCfg = Release|Any CPU
		{A257A602-4217-4FBD-870E-5643C5B97688}.Express|x64.Build.0 = Release|Any CPU
		{A257A602-4217-4FBD-870E-5643C5B97688}.Express|x86.ActiveCfg = Release|Any CPU
		{A257A602-4217-4FBD-870E-5643C5B97688}.Express|x86.Build.0 = Release|Any CPU
		{A257A602-4217-4FBD-870E-5643C5B97688}.Nightly|Any CPU.ActiveCfg = Release|Any CPU
		{A257A602-4217-4FBD-870E-5643C5B97688}.Nightly|Any CPU.Build.0 = Release|Any CPU
		{A257A602-4217-4FBD-870E-5643C5B97688}.Nightly|x64.ActiveCfg = Release|Any CPU
		{A257A602-4217-4FBD-870E-5643C5B97688}.Nightly|x64.Build.0 = Release|Any CPU
		{A257A602-4217-4FBD-870E-5643C5B97688}.Nightly|x86.ActiveCfg = Release|Any CPU
		{A257A602-4217-4FBD-870E-5643C5B97688}.Nightly|x86.Build.0 = Release|Any CPU
		{A257A602-4217-4FBD-870E-5643C5B97688}.Release|Any CPU.ActiveCfg = Release|Any CPU
		{A257A602-4217-4FBD-870E-5643C5B97688}.Release|Any CPU.Build.0 = Release|Any CPU
		{A257A602-4217-4FBD-870E-5643C5B97688}.Release|x64.ActiveCfg = Release|Any CPU
		{A257A602-4217-4FBD-870E-5643C5B97688}.Release|x64.Build.0 = Release|Any CPU
		{A257A602-4217-4FBD-870E-5643C5B97688}.Release|x86.ActiveCfg = Release|Any CPU
		{A257A602-4217-4FBD-870E-5643C5B97688}.Release|x86.Build.0 = Release|Any CPU
		{127CADEB-B666-4C9A-846F-256397046AB8}.Commercial Deployment|Any CPU.ActiveCfg = Release|Any CPU
		{127CADEB-B666-4C9A-846F-256397046AB8}.Commercial Deployment|Any CPU.Build.0 = Release|Any CPU
		{127CADEB-B666-4C9A-846F-256397046AB8}.Commercial Deployment|x64.ActiveCfg = Release|Any CPU
		{127CADEB-B666-4C9A-846F-256397046AB8}.Commercial Deployment|x64.Build.0 = Release|Any CPU
		{127CADEB-B666-4C9A-846F-256397046AB8}.Commercial Deployment|x86.ActiveCfg = Release|Any CPU
		{127CADEB-B666-4C9A-846F-256397046AB8}.Commercial Deployment|x86.Build.0 = Release|Any CPU
		{127CADEB-B666-4C9A-846F-256397046AB8}.Debug|Any CPU.ActiveCfg = Debug|Any CPU
		{127CADEB-B666-4C9A-846F-256397046AB8}.Debug|Any CPU.Build.0 = Debug|Any CPU
		{127CADEB-B666-4C9A-846F-256397046AB8}.Debug|x64.ActiveCfg = Debug|Any CPU
		{127CADEB-B666-4C9A-846F-256397046AB8}.Debug|x64.Build.0 = Debug|Any CPU
		{127CADEB-B666-4C9A-846F-256397046AB8}.Debug|x86.ActiveCfg = Debug|Any CPU
		{127CADEB-B666-4C9A-846F-256397046AB8}.Debug|x86.Build.0 = Debug|Any CPU
		{127CADEB-B666-4C9A-846F-256397046AB8}.Deployment|Any CPU.ActiveCfg = Debug|Any CPU
		{127CADEB-B666-4C9A-846F-256397046AB8}.Deployment|Any CPU.Build.0 = Debug|Any CPU
		{127CADEB-B666-4C9A-846F-256397046AB8}.Deployment|x64.ActiveCfg = Debug|Any CPU
		{127CADEB-B666-4C9A-846F-256397046AB8}.Deployment|x64.Build.0 = Debug|Any CPU
		{127CADEB-B666-4C9A-846F-256397046AB8}.Deployment|x86.ActiveCfg = Debug|Any CPU
		{127CADEB-B666-4C9A-846F-256397046AB8}.Deployment|x86.Build.0 = Debug|Any CPU
		{127CADEB-B666-4C9A-846F-256397046AB8}.Design|Any CPU.ActiveCfg = Debug|Any CPU
		{127CADEB-B666-4C9A-846F-256397046AB8}.Design|Any CPU.Build.0 = Debug|Any CPU
		{127CADEB-B666-4C9A-846F-256397046AB8}.Design|x64.ActiveCfg = Debug|Any CPU
		{127CADEB-B666-4C9A-846F-256397046AB8}.Design|x64.Build.0 = Debug|Any CPU
		{127CADEB-B666-4C9A-846F-256397046AB8}.Design|x86.ActiveCfg = Debug|Any CPU
		{127CADEB-B666-4C9A-846F-256397046AB8}.Design|x86.Build.0 = Debug|Any CPU
		{127CADEB-B666-4C9A-846F-256397046AB8}.Documentation|Any CPU.ActiveCfg = Debug|Any CPU
		{127CADEB-B666-4C9A-846F-256397046AB8}.Documentation|Any CPU.Build.0 = Debug|Any CPU
		{127CADEB-B666-4C9A-846F-256397046AB8}.Documentation|x64.ActiveCfg = Debug|Any CPU
		{127CADEB-B666-4C9A-846F-256397046AB8}.Documentation|x64.Build.0 = Debug|Any CPU
		{127CADEB-B666-4C9A-846F-256397046AB8}.Documentation|x86.ActiveCfg = Debug|Any CPU
		{127CADEB-B666-4C9A-846F-256397046AB8}.Documentation|x86.Build.0 = Debug|Any CPU
		{127CADEB-B666-4C9A-846F-256397046AB8}.Express|Any CPU.ActiveCfg = Release|Any CPU
		{127CADEB-B666-4C9A-846F-256397046AB8}.Express|Any CPU.Build.0 = Release|Any CPU
		{127CADEB-B666-4C9A-846F-256397046AB8}.Express|x64.ActiveCfg = Release|Any CPU
		{127CADEB-B666-4C9A-846F-256397046AB8}.Express|x64.Build.0 = Release|Any CPU
		{127CADEB-B666-4C9A-846F-256397046AB8}.Express|x86.ActiveCfg = Release|Any CPU
		{127CADEB-B666-4C9A-846F-256397046AB8}.Express|x86.Build.0 = Release|Any CPU
		{127CADEB-B666-4C9A-846F-256397046AB8}.Nightly|Any CPU.ActiveCfg = Release|Any CPU
		{127CADEB-B666-4C9A-846F-256397046AB8}.Nightly|Any CPU.Build.0 = Release|Any CPU
		{127CADEB-B666-4C9A-846F-256397046AB8}.Nightly|x64.ActiveCfg = Release|Any CPU
		{127CADEB-B666-4C9A-846F-256397046AB8}.Nightly|x64.Build.0 = Release|Any CPU
		{127CADEB-B666-4C9A-846F-256397046AB8}.Nightly|x86.ActiveCfg = Release|Any CPU
		{127CADEB-B666-4C9A-846F-256397046AB8}.Nightly|x86.Build.0 = Release|Any CPU
		{127CADEB-B666-4C9A-846F-256397046AB8}.Release|Any CPU.ActiveCfg = Release|Any CPU
		{127CADEB-B666-4C9A-846F-256397046AB8}.Release|Any CPU.Build.0 = Release|Any CPU
		{127CADEB-B666-4C9A-846F-256397046AB8}.Release|x64.ActiveCfg = Release|Any CPU
		{127CADEB-B666-4C9A-846F-256397046AB8}.Release|x64.Build.0 = Release|Any CPU
		{127CADEB-B666-4C9A-846F-256397046AB8}.Release|x86.ActiveCfg = Release|Any CPU
		{127CADEB-B666-4C9A-846F-256397046AB8}.Release|x86.Build.0 = Release|Any CPU
	EndGlobalSection
	GlobalSection(SolutionProperties) = preSolution
		HideSolutionNode = FALSE
	EndGlobalSection
	GlobalSection(ExtensibilityGlobals) = postSolution
		SolutionGuid = {0CC38632-41AA-45D6-BE23-53F612A6CECC}
	EndGlobalSection
EndGlobal
