
Microsoft Visual Studio Solution File, Format Version 12.00
# Visual Studio Version 17
VisualStudioVersion = 17.0.31903.59
MinimumVisualStudioVersion = 10.0.40219.1
Project("{FAE04EC0-301F-11D3-BF4B-00C04F79EFBC}") = "Gizmox.WebGUI.Client", "Gizmox.WebGUI.Client\Gizmox.WebGUI.Client.csproj", "{30103636-E836-48F9-BD0E-68F28ECF3B49}"
EndProject
Project("{FAE04EC0-301F-11D3-BF4B-00C04F79EFBC}") = "Gizmox.WebGUI.Common.Design.Skins", "Gizmox.WebGUI.Common.Design.Skins\Gizmox.WebGUI.Common.Design.Skins.csproj", "{54A89AD6-E624-4600-897E-740A2D05C3F9}"
EndProject
Project("{FAE04EC0-301F-11D3-BF4B-00C04F79EFBC}") = "Gizmox.WebGUI.Common.Design", "Gizmox.WebGUI.Common.Design\Gizmox.WebGUI.Common.Design.csproj", "{D7EF4283-BC6D-48F0-8FED-6EBA3CB7927C}"
EndProject
Project("{FAE04EC0-301F-11D3-BF4B-00C04F79EFBC}") = "Gizmox.WebGUI.Common", "Gizmox.WebGUI.Common\Gizmox.WebGUI.Common.csproj", "{825A43B1-FFEA-4509-BE30-1A5687E09F8A}"
EndProject
Project("{FAE04EC0-301F-11D3-BF4B-00C04F79EFBC}") = "Gizmox.WebGUI.Converters", "Gizmox.WebGUI.Converters\Gizmox.WebGUI.Converters.csproj", "{0BFECEE5-8B08-488C-A381-E0E5F3127DF8}"
EndProject
Project("{FAE04EC0-301F-11D3-BF4B-00C04F79EFBC}") = "Gizmox.WebGUI.Forms.Charts", "Gizmox.WebGUI.Forms.Charts\Gizmox.WebGUI.Forms.Charts.csproj", "{4E80F556-C945-4EA7-BDF6-F51F64F8A773}"
EndProject
Project("{FAE04EC0-301F-11D3-BF4B-00C04F79EFBC}") = "Gizmox.WebGUI.Forms.Extended.Design", "Gizmox.WebGUI.Forms.Extended.Design\Gizmox.WebGUI.Forms.Extended.Design.csproj", "{1B2B64C1-4770-4A9E-AFD6-899A83445D1D}"
EndProject
Project("{FAE04EC0-301F-11D3-BF4B-00C04F79EFBC}") = "Gizmox.WebGUI.Forms.Extended", "Gizmox.WebGUI.Forms.Extended\Gizmox.WebGUI.Forms.Extended.csproj", "{815C43A4-8D82-411E-A576-D76F5FD6DDD0}"
EndProject
Project("{FAE04EC0-301F-11D3-BF4B-00C04F79EFBC}") = "Gizmox.WebGUI.Forms.Help", "Gizmox.WebGUI.Forms.Help\Gizmox.WebGUI.Forms.Help.csproj", "{202B87C6-90E0-4F73-8561-E17DA0D3F6FD}"
EndProject
Project("{FAE04EC0-301F-11D3-BF4B-00C04F79EFBC}") = "Gizmox.WebGUI.Forms.Office.Design", "Gizmox.WebGUI.Forms.Office.Design\Gizmox.WebGUI.Forms.Office.Design.csproj", "{B3C7CA77-7EF5-4354-999A-1CC41E6E6B8A}"
EndProject
Project("{FAE04EC0-301F-11D3-BF4B-00C04F79EFBC}") = "Gizmox.WebGUI.Forms.Office", "Gizmox.WebGUI.Forms.Office\Gizmox.WebGUI.Forms.Office.csproj", "{4CCC7A7D-E620-4EC0-9341-6799CEE75825}"
EndProject
Project("{FAE04EC0-301F-11D3-BF4B-00C04F79EFBC}") = "Gizmox.WebGUI.Forms.Professional.Design", "Gizmox.WebGUI.Forms.Professional.Design\Gizmox.WebGUI.Forms.Professional.Design.csproj", "{01FC4AFD-D090-48F3-8BA3-7E12E303BF60}"
EndProject
Project("{FAE04EC0-301F-11D3-BF4B-00C04F79EFBC}") = "Gizmox.WebGUI.Forms.Professional", "Gizmox.WebGUI.Forms.Professional\Gizmox.WebGUI.Forms.Professional.csproj", "{8DF02C40-8D03-4A4C-B34F-E55BB21E3104}"
EndProject
Project("{FAE04EC0-301F-11D3-BF4B-00C04F79EFBC}") = "Gizmox.WebGUI.Forms.Themes", "Gizmox.WebGUI.Forms.Themes\Gizmox.WebGUI.Forms.Themes.csproj", "{BA6D4A53-68B0-4B12-B350-7C41CBE0BABD}"
EndProject
Project("{FAE04EC0-301F-11D3-BF4B-00C04F79EFBC}") = "Gizmox.WebGUI.Forms", "Gizmox.WebGUI.Forms\Gizmox.WebGUI.Forms.csproj", "{F4E3CC13-2353-42BA-98E4-B2534F8ED119}"
EndProject
Project("{FAE04EC0-301F-11D3-BF4B-00C04F79EFBC}") = "Gizmox.WebGUI.Pilot", "Gizmox.WebGUI.Pilot\Gizmox.WebGUI.Pilot.csproj", "{091C0565-B4E9-4D43-8B80-B119FCCB56B4}"
EndProject
Project("{FAE04EC0-301F-11D3-BF4B-00C04F79EFBC}") = "Gizmox.WebGUI.Server", "Gizmox.WebGUI.Server\Gizmox.WebGUI.Server.csproj", "{4B4F26E5-F2D8-4850-9519-6F0E89285C0F}"
EndProject
Global
	GlobalSection(SolutionConfigurationPlatforms) = preSolution
		Debug|Any CPU = Debug|Any CPU
		Debug|x64 = Debug|x64
		Debug|x86 = Debug|x86
		Release|Any CPU = Release|Any CPU
		Release|x64 = Release|x64
		Release|x86 = Release|x86
	EndGlobalSection
	GlobalSection(ProjectConfigurationPlatforms) = postSolution
		{30103636-E836-48F9-BD0E-68F28ECF3B49}.Debug|Any CPU.ActiveCfg = Debug|Any CPU
		{30103636-E836-48F9-BD0E-68F28ECF3B49}.Debug|Any CPU.Build.0 = Debug|Any CPU
		{30103636-E836-48F9-BD0E-68F28ECF3B49}.Debug|x64.ActiveCfg = Debug|Any CPU
		{30103636-E836-48F9-BD0E-68F28ECF3B49}.Debug|x64.Build.0 = Debug|Any CPU
		{30103636-E836-48F9-BD0E-68F28ECF3B49}.Debug|x86.ActiveCfg = Debug|Any CPU
		{30103636-E836-48F9-BD0E-68F28ECF3B49}.Debug|x86.Build.0 = Debug|Any CPU
		{30103636-E836-48F9-BD0E-68F28ECF3B49}.Release|Any CPU.ActiveCfg = Release|Any CPU
		{30103636-E836-48F9-BD0E-68F28ECF3B49}.Release|Any CPU.Build.0 = Release|Any CPU
		{30103636-E836-48F9-BD0E-68F28ECF3B49}.Release|x64.ActiveCfg = Release|Any CPU
		{30103636-E836-48F9-BD0E-68F28ECF3B49}.Release|x64.Build.0 = Release|Any CPU
		{30103636-E836-48F9-BD0E-68F28ECF3B49}.Release|x86.ActiveCfg = Release|Any CPU
		{30103636-E836-48F9-BD0E-68F28ECF3B49}.Release|x86.Build.0 = Release|Any CPU
		{54A89AD6-E624-4600-897E-740A2D05C3F9}.Debug|Any CPU.ActiveCfg = Debug|Any CPU
		{54A89AD6-E624-4600-897E-740A2D05C3F9}.Debug|Any CPU.Build.0 = Debug|Any CPU
		{54A89AD6-E624-4600-897E-740A2D05C3F9}.Debug|x64.ActiveCfg = Debug|Any CPU
		{54A89AD6-E624-4600-897E-740A2D05C3F9}.Debug|x64.Build.0 = Debug|Any CPU
		{54A89AD6-E624-4600-897E-740A2D05C3F9}.Debug|x86.ActiveCfg = Debug|Any CPU
		{54A89AD6-E624-4600-897E-740A2D05C3F9}.Debug|x86.Build.0 = Debug|Any CPU
		{54A89AD6-E624-4600-897E-740A2D05C3F9}.Release|Any CPU.ActiveCfg = Release|Any CPU
		{54A89AD6-E624-4600-897E-740A2D05C3F9}.Release|Any CPU.Build.0 = Release|Any CPU
		{54A89AD6-E624-4600-897E-740A2D05C3F9}.Release|x64.ActiveCfg = Release|Any CPU
		{54A89AD6-E624-4600-897E-740A2D05C3F9}.Release|x64.Build.0 = Release|Any CPU
		{54A89AD6-E624-4600-897E-740A2D05C3F9}.Release|x86.ActiveCfg = Release|Any CPU
		{54A89AD6-E624-4600-897E-740A2D05C3F9}.Release|x86.Build.0 = Release|Any CPU
		{D7EF4283-BC6D-48F0-8FED-6EBA3CB7927C}.Debug|Any CPU.ActiveCfg = Debug|Any CPU
		{D7EF4283-BC6D-48F0-8FED-6EBA3CB7927C}.Debug|Any CPU.Build.0 = Debug|Any CPU
		{D7EF4283-BC6D-48F0-8FED-6EBA3CB7927C}.Debug|x64.ActiveCfg = Debug|Any CPU
		{D7EF4283-BC6D-48F0-8FED-6EBA3CB7927C}.Debug|x64.Build.0 = Debug|Any CPU
		{D7EF4283-BC6D-48F0-8FED-6EBA3CB7927C}.Debug|x86.ActiveCfg = Debug|Any CPU
		{D7EF4283-BC6D-48F0-8FED-6EBA3CB7927C}.Debug|x86.Build.0 = Debug|Any CPU
		{D7EF4283-BC6D-48F0-8FED-6EBA3CB7927C}.Release|Any CPU.ActiveCfg = Release|Any CPU
		{D7EF4283-BC6D-48F0-8FED-6EBA3CB7927C}.Release|Any CPU.Build.0 = Release|Any CPU
		{D7EF4283-BC6D-48F0-8FED-6EBA3CB7927C}.Release|x64.ActiveCfg = Release|Any CPU
		{D7EF4283-BC6D-48F0-8FED-6EBA3CB7927C}.Release|x64.Build.0 = Release|Any CPU
		{D7EF4283-BC6D-48F0-8FED-6EBA3CB7927C}.Release|x86.ActiveCfg = Release|Any CPU
		{D7EF4283-BC6D-48F0-8FED-6EBA3CB7927C}.Release|x86.Build.0 = Release|Any CPU
		{825A43B1-FFEA-4509-BE30-1A5687E09F8A}.Debug|Any CPU.ActiveCfg = Debug|Any CPU
		{825A43B1-FFEA-4509-BE30-1A5687E09F8A}.Debug|Any CPU.Build.0 = Debug|Any CPU
		{825A43B1-FFEA-4509-BE30-1A5687E09F8A}.Debug|x64.ActiveCfg = Debug|Any CPU
		{825A43B1-FFEA-4509-BE30-1A5687E09F8A}.Debug|x64.Build.0 = Debug|Any CPU
		{825A43B1-FFEA-4509-BE30-1A5687E09F8A}.Debug|x86.ActiveCfg = Debug|Any CPU
		{825A43B1-FFEA-4509-BE30-1A5687E09F8A}.Debug|x86.Build.0 = Debug|Any CPU
		{825A43B1-FFEA-4509-BE30-1A5687E09F8A}.Release|Any CPU.ActiveCfg = Release|Any CPU
		{825A43B1-FFEA-4509-BE30-1A5687E09F8A}.Release|Any CPU.Build.0 = Release|Any CPU
		{825A43B1-FFEA-4509-BE30-1A5687E09F8A}.Release|x64.ActiveCfg = Release|Any CPU
		{825A43B1-FFEA-4509-BE30-1A5687E09F8A}.Release|x64.Build.0 = Release|Any CPU
		{825A43B1-FFEA-4509-BE30-1A5687E09F8A}.Release|x86.ActiveCfg = Release|Any CPU
		{825A43B1-FFEA-4509-BE30-1A5687E09F8A}.Release|x86.Build.0 = Release|Any CPU
		{0BFECEE5-8B08-488C-A381-E0E5F3127DF8}.Debug|Any CPU.ActiveCfg = Debug|Any CPU
		{0BFECEE5-8B08-488C-A381-E0E5F3127DF8}.Debug|Any CPU.Build.0 = Debug|Any CPU
		{0BFECEE5-8B08-488C-A381-E0E5F3127DF8}.Debug|x64.ActiveCfg = Debug|Any CPU
		{0BFECEE5-8B08-488C-A381-E0E5F3127DF8}.Debug|x64.Build.0 = Debug|Any CPU
		{0BFECEE5-8B08-488C-A381-E0E5F3127DF8}.Debug|x86.ActiveCfg = Debug|Any CPU
		{0BFECEE5-8B08-488C-A381-E0E5F3127DF8}.Debug|x86.Build.0 = Debug|Any CPU
		{0BFECEE5-8B08-488C-A381-E0E5F3127DF8}.Release|Any CPU.ActiveCfg = Release|Any CPU
		{0BFECEE5-8B08-488C-A381-E0E5F3127DF8}.Release|Any CPU.Build.0 = Release|Any CPU
		{0BFECEE5-8B08-488C-A381-E0E5F3127DF8}.Release|x64.ActiveCfg = Release|Any CPU
		{0BFECEE5-8B08-488C-A381-E0E5F3127DF8}.Release|x64.Build.0 = Release|Any CPU
		{0BFECEE5-8B08-488C-A381-E0E5F3127DF8}.Release|x86.ActiveCfg = Release|Any CPU
		{0BFECEE5-8B08-488C-A381-E0E5F3127DF8}.Release|x86.Build.0 = Release|Any CPU
		{4E80F556-C945-4EA7-BDF6-F51F64F8A773}.Debug|Any CPU.ActiveCfg = Debug|Any CPU
		{4E80F556-C945-4EA7-BDF6-F51F64F8A773}.Debug|Any CPU.Build.0 = Debug|Any CPU
		{4E80F556-C945-4EA7-BDF6-F51F64F8A773}.Debug|x64.ActiveCfg = Debug|Any CPU
		{4E80F556-C945-4EA7-BDF6-F51F64F8A773}.Debug|x64.Build.0 = Debug|Any CPU
		{4E80F556-C945-4EA7-BDF6-F51F64F8A773}.Debug|x86.ActiveCfg = Debug|Any CPU
		{4E80F556-C945-4EA7-BDF6-F51F64F8A773}.Debug|x86.Build.0 = Debug|Any CPU
		{4E80F556-C945-4EA7-BDF6-F51F64F8A773}.Release|Any CPU.ActiveCfg = Release|Any CPU
		{4E80F556-C945-4EA7-BDF6-F51F64F8A773}.Release|Any CPU.Build.0 = Release|Any CPU
		{4E80F556-C945-4EA7-BDF6-F51F64F8A773}.Release|x64.ActiveCfg = Release|Any CPU
		{4E80F556-C945-4EA7-BDF6-F51F64F8A773}.Release|x64.Build.0 = Release|Any CPU
		{4E80F556-C945-4EA7-BDF6-F51F64F8A773}.Release|x86.ActiveCfg = Release|Any CPU
		{4E80F556-C945-4EA7-BDF6-F51F64F8A773}.Release|x86.Build.0 = Release|Any CPU
		{1B2B64C1-4770-4A9E-AFD6-899A83445D1D}.Debug|Any CPU.ActiveCfg = Debug|Any CPU
		{1B2B64C1-4770-4A9E-AFD6-899A83445D1D}.Debug|Any CPU.Build.0 = Debug|Any CPU
		{1B2B64C1-4770-4A9E-AFD6-899A83445D1D}.Debug|x64.ActiveCfg = Debug|Any CPU
		{1B2B64C1-4770-4A9E-AFD6-899A83445D1D}.Debug|x64.Build.0 = Debug|Any CPU
		{1B2B64C1-4770-4A9E-AFD6-899A83445D1D}.Debug|x86.ActiveCfg = Debug|Any CPU
		{1B2B64C1-4770-4A9E-AFD6-899A83445D1D}.Debug|x86.Build.0 = Debug|Any CPU
		{1B2B64C1-4770-4A9E-AFD6-899A83445D1D}.Release|Any CPU.ActiveCfg = Release|Any CPU
		{1B2B64C1-4770-4A9E-AFD6-899A83445D1D}.Release|Any CPU.Build.0 = Release|Any CPU
		{1B2B64C1-4770-4A9E-AFD6-899A83445D1D}.Release|x64.ActiveCfg = Release|Any CPU
		{1B2B64C1-4770-4A9E-AFD6-899A83445D1D}.Release|x64.Build.0 = Release|Any CPU
		{1B2B64C1-4770-4A9E-AFD6-899A83445D1D}.Release|x86.ActiveCfg = Release|Any CPU
		{1B2B64C1-4770-4A9E-AFD6-899A83445D1D}.Release|x86.Build.0 = Release|Any CPU
		{815C43A4-8D82-411E-A576-D76F5FD6DDD0}.Debug|Any CPU.ActiveCfg = Debug|Any CPU
		{815C43A4-8D82-411E-A576-D76F5FD6DDD0}.Debug|Any CPU.Build.0 = Debug|Any CPU
		{815C43A4-8D82-411E-A576-D76F5FD6DDD0}.Debug|x64.ActiveCfg = Debug|Any CPU
		{815C43A4-8D82-411E-A576-D76F5FD6DDD0}.Debug|x64.Build.0 = Debug|Any CPU
		{815C43A4-8D82-411E-A576-D76F5FD6DDD0}.Debug|x86.ActiveCfg = Debug|Any CPU
		{815C43A4-8D82-411E-A576-D76F5FD6DDD0}.Debug|x86.Build.0 = Debug|Any CPU
		{815C43A4-8D82-411E-A576-D76F5FD6DDD0}.Release|Any CPU.ActiveCfg = Release|Any CPU
		{815C43A4-8D82-411E-A576-D76F5FD6DDD0}.Release|Any CPU.Build.0 = Release|Any CPU
		{815C43A4-8D82-411E-A576-D76F5FD6DDD0}.Release|x64.ActiveCfg = Release|Any CPU
		{815C43A4-8D82-411E-A576-D76F5FD6DDD0}.Release|x64.Build.0 = Release|Any CPU
		{815C43A4-8D82-411E-A576-D76F5FD6DDD0}.Release|x86.ActiveCfg = Release|Any CPU
		{815C43A4-8D82-411E-A576-D76F5FD6DDD0}.Release|x86.Build.0 = Release|Any CPU
		{202B87C6-90E0-4F73-8561-E17DA0D3F6FD}.Debug|Any CPU.ActiveCfg = Debug|Any CPU
		{202B87C6-90E0-4F73-8561-E17DA0D3F6FD}.Debug|Any CPU.Build.0 = Debug|Any CPU
		{202B87C6-90E0-4F73-8561-E17DA0D3F6FD}.Debug|x64.ActiveCfg = Debug|Any CPU
		{202B87C6-90E0-4F73-8561-E17DA0D3F6FD}.Debug|x64.Build.0 = Debug|Any CPU
		{202B87C6-90E0-4F73-8561-E17DA0D3F6FD}.Debug|x86.ActiveCfg = Debug|Any CPU
		{202B87C6-90E0-4F73-8561-E17DA0D3F6FD}.Debug|x86.Build.0 = Debug|Any CPU
		{202B87C6-90E0-4F73-8561-E17DA0D3F6FD}.Release|Any CPU.ActiveCfg = Release|Any CPU
		{202B87C6-90E0-4F73-8561-E17DA0D3F6FD}.Release|Any CPU.Build.0 = Release|Any CPU
		{202B87C6-90E0-4F73-8561-E17DA0D3F6FD}.Release|x64.ActiveCfg = Release|Any CPU
		{202B87C6-90E0-4F73-8561-E17DA0D3F6FD}.Release|x64.Build.0 = Release|Any CPU
		{202B87C6-90E0-4F73-8561-E17DA0D3F6FD}.Release|x86.ActiveCfg = Release|Any CPU
		{202B87C6-90E0-4F73-8561-E17DA0D3F6FD}.Release|x86.Build.0 = Release|Any CPU
		{B3C7CA77-7EF5-4354-999A-1CC41E6E6B8A}.Debug|Any CPU.ActiveCfg = Debug|Any CPU
		{B3C7CA77-7EF5-4354-999A-1CC41E6E6B8A}.Debug|Any CPU.Build.0 = Debug|Any CPU
		{B3C7CA77-7EF5-4354-999A-1CC41E6E6B8A}.Debug|x64.ActiveCfg = Debug|Any CPU
		{B3C7CA77-7EF5-4354-999A-1CC41E6E6B8A}.Debug|x64.Build.0 = Debug|Any CPU
		{B3C7CA77-7EF5-4354-999A-1CC41E6E6B8A}.Debug|x86.ActiveCfg = Debug|Any CPU
		{B3C7CA77-7EF5-4354-999A-1CC41E6E6B8A}.Debug|x86.Build.0 = Debug|Any CPU
		{B3C7CA77-7EF5-4354-999A-1CC41E6E6B8A}.Release|Any CPU.ActiveCfg = Release|Any CPU
		{B3C7CA77-7EF5-4354-999A-1CC41E6E6B8A}.Release|Any CPU.Build.0 = Release|Any CPU
		{B3C7CA77-7EF5-4354-999A-1CC41E6E6B8A}.Release|x64.ActiveCfg = Release|Any CPU
		{B3C7CA77-7EF5-4354-999A-1CC41E6E6B8A}.Release|x64.Build.0 = Release|Any CPU
		{B3C7CA77-7EF5-4354-999A-1CC41E6E6B8A}.Release|x86.ActiveCfg = Release|Any CPU
		{B3C7CA77-7EF5-4354-999A-1CC41E6E6B8A}.Release|x86.Build.0 = Release|Any CPU
		{4CCC7A7D-E620-4EC0-9341-6799CEE75825}.Debug|Any CPU.ActiveCfg = Debug|Any CPU
		{4CCC7A7D-E620-4EC0-9341-6799CEE75825}.Debug|Any CPU.Build.0 = Debug|Any CPU
		{4CCC7A7D-E620-4EC0-9341-6799CEE75825}.Debug|x64.ActiveCfg = Debug|Any CPU
		{4CCC7A7D-E620-4EC0-9341-6799CEE75825}.Debug|x64.Build.0 = Debug|Any CPU
		{4CCC7A7D-E620-4EC0-9341-6799CEE75825}.Debug|x86.ActiveCfg = Debug|Any CPU
		{4CCC7A7D-E620-4EC0-9341-6799CEE75825}.Debug|x86.Build.0 = Debug|Any CPU
		{4CCC7A7D-E620-4EC0-9341-6799CEE75825}.Release|Any CPU.ActiveCfg = Release|Any CPU
		{4CCC7A7D-E620-4EC0-9341-6799CEE75825}.Release|Any CPU.Build.0 = Release|Any CPU
		{4CCC7A7D-E620-4EC0-9341-6799CEE75825}.Release|x64.ActiveCfg = Release|Any CPU
		{4CCC7A7D-E620-4EC0-9341-6799CEE75825}.Release|x64.Build.0 = Release|Any CPU
		{4CCC7A7D-E620-4EC0-9341-6799CEE75825}.Release|x86.ActiveCfg = Release|Any CPU
		{4CCC7A7D-E620-4EC0-9341-6799CEE75825}.Release|x86.Build.0 = Release|Any CPU
		{01FC4AFD-D090-48F3-8BA3-7E12E303BF60}.Debug|Any CPU.ActiveCfg = Debug|Any CPU
		{01FC4AFD-D090-48F3-8BA3-7E12E303BF60}.Debug|Any CPU.Build.0 = Debug|Any CPU
		{01FC4AFD-D090-48F3-8BA3-7E12E303BF60}.Debug|x64.ActiveCfg = Debug|Any CPU
		{01FC4AFD-D090-48F3-8BA3-7E12E303BF60}.Debug|x64.Build.0 = Debug|Any CPU
		{01FC4AFD-D090-48F3-8BA3-7E12E303BF60}.Debug|x86.ActiveCfg = Debug|Any CPU
		{01FC4AFD-D090-48F3-8BA3-7E12E303BF60}.Debug|x86.Build.0 = Debug|Any CPU
		{01FC4AFD-D090-48F3-8BA3-7E12E303BF60}.Release|Any CPU.ActiveCfg = Release|Any CPU
		{01FC4AFD-D090-48F3-8BA3-7E12E303BF60}.Release|Any CPU.Build.0 = Release|Any CPU
		{01FC4AFD-D090-48F3-8BA3-7E12E303BF60}.Release|x64.ActiveCfg = Release|Any CPU
		{01FC4AFD-D090-48F3-8BA3-7E12E303BF60}.Release|x64.Build.0 = Release|Any CPU
		{01FC4AFD-D090-48F3-8BA3-7E12E303BF60}.Release|x86.ActiveCfg = Release|Any CPU
		{01FC4AFD-D090-48F3-8BA3-7E12E303BF60}.Release|x86.Build.0 = Release|Any CPU
		{8DF02C40-8D03-4A4C-B34F-E55BB21E3104}.Debug|Any CPU.ActiveCfg = Debug|Any CPU
		{8DF02C40-8D03-4A4C-B34F-E55BB21E3104}.Debug|Any CPU.Build.0 = Debug|Any CPU
		{8DF02C40-8D03-4A4C-B34F-E55BB21E3104}.Debug|x64.ActiveCfg = Debug|Any CPU
		{8DF02C40-8D03-4A4C-B34F-E55BB21E3104}.Debug|x64.Build.0 = Debug|Any CPU
		{8DF02C40-8D03-4A4C-B34F-E55BB21E3104}.Debug|x86.ActiveCfg = Debug|Any CPU
		{8DF02C40-8D03-4A4C-B34F-E55BB21E3104}.Debug|x86.Build.0 = Debug|Any CPU
		{8DF02C40-8D03-4A4C-B34F-E55BB21E3104}.Release|Any CPU.ActiveCfg = Release|Any CPU
		{8DF02C40-8D03-4A4C-B34F-E55BB21E3104}.Release|Any CPU.Build.0 = Release|Any CPU
		{8DF02C40-8D03-4A4C-B34F-E55BB21E3104}.Release|x64.ActiveCfg = Release|Any CPU
		{8DF02C40-8D03-4A4C-B34F-E55BB21E3104}.Release|x64.Build.0 = Release|Any CPU
		{8DF02C40-8D03-4A4C-B34F-E55BB21E3104}.Release|x86.ActiveCfg = Release|Any CPU
		{8DF02C40-8D03-4A4C-B34F-E55BB21E3104}.Release|x86.Build.0 = Release|Any CPU
		{BA6D4A53-68B0-4B12-B350-7C41CBE0BABD}.Debug|Any CPU.ActiveCfg = Debug|Any CPU
		{BA6D4A53-68B0-4B12-B350-7C41CBE0BABD}.Debug|Any CPU.Build.0 = Debug|Any CPU
		{BA6D4A53-68B0-4B12-B350-7C41CBE0BABD}.Debug|x64.ActiveCfg = Debug|Any CPU
		{BA6D4A53-68B0-4B12-B350-7C41CBE0BABD}.Debug|x64.Build.0 = Debug|Any CPU
		{BA6D4A53-68B0-4B12-B350-7C41CBE0BABD}.Debug|x86.ActiveCfg = Debug|Any CPU
		{BA6D4A53-68B0-4B12-B350-7C41CBE0BABD}.Debug|x86.Build.0 = Debug|Any CPU
		{BA6D4A53-68B0-4B12-B350-7C41CBE0BABD}.Release|Any CPU.ActiveCfg = Release|Any CPU
		{BA6D4A53-68B0-4B12-B350-7C41CBE0BABD}.Release|Any CPU.Build.0 = Release|Any CPU
		{BA6D4A53-68B0-4B12-B350-7C41CBE0BABD}.Release|x64.ActiveCfg = Release|Any CPU
		{BA6D4A53-68B0-4B12-B350-7C41CBE0BABD}.Release|x64.Build.0 = Release|Any CPU
		{BA6D4A53-68B0-4B12-B350-7C41CBE0BABD}.Release|x86.ActiveCfg = Release|Any CPU
		{BA6D4A53-68B0-4B12-B350-7C41CBE0BABD}.Release|x86.Build.0 = Release|Any CPU
		{F4E3CC13-2353-42BA-98E4-B2534F8ED119}.Debug|Any CPU.ActiveCfg = Debug|Any CPU
		{F4E3CC13-2353-42BA-98E4-B2534F8ED119}.Debug|Any CPU.Build.0 = Debug|Any CPU
		{F4E3CC13-2353-42BA-98E4-B2534F8ED119}.Debug|x64.ActiveCfg = Debug|Any CPU
		{F4E3CC13-2353-42BA-98E4-B2534F8ED119}.Debug|x64.Build.0 = Debug|Any CPU
		{F4E3CC13-2353-42BA-98E4-B2534F8ED119}.Debug|x86.ActiveCfg = Debug|Any CPU
		{F4E3CC13-2353-42BA-98E4-B2534F8ED119}.Debug|x86.Build.0 = Debug|Any CPU
		{F4E3CC13-2353-42BA-98E4-B2534F8ED119}.Release|Any CPU.ActiveCfg = Release|Any CPU
		{F4E3CC13-2353-42BA-98E4-B2534F8ED119}.Release|Any CPU.Build.0 = Release|Any CPU
		{F4E3CC13-2353-42BA-98E4-B2534F8ED119}.Release|x64.ActiveCfg = Release|Any CPU
		{F4E3CC13-2353-42BA-98E4-B2534F8ED119}.Release|x64.Build.0 = Release|Any CPU
		{F4E3CC13-2353-42BA-98E4-B2534F8ED119}.Release|x86.ActiveCfg = Release|Any CPU
		{F4E3CC13-2353-42BA-98E4-B2534F8ED119}.Release|x86.Build.0 = Release|Any CPU
		{091C0565-B4E9-4D43-8B80-B119FCCB56B4}.Debug|Any CPU.ActiveCfg = Debug|Any CPU
		{091C0565-B4E9-4D43-8B80-B119FCCB56B4}.Debug|Any CPU.Build.0 = Debug|Any CPU
		{091C0565-B4E9-4D43-8B80-B119FCCB56B4}.Debug|x64.ActiveCfg = Debug|Any CPU
		{091C0565-B4E9-4D43-8B80-B119FCCB56B4}.Debug|x64.Build.0 = Debug|Any CPU
		{091C0565-B4E9-4D43-8B80-B119FCCB56B4}.Debug|x86.ActiveCfg = Debug|Any CPU
		{091C0565-B4E9-4D43-8B80-B119FCCB56B4}.Debug|x86.Build.0 = Debug|Any CPU
		{091C0565-B4E9-4D43-8B80-B119FCCB56B4}.Release|Any CPU.ActiveCfg = Release|Any CPU
		{091C0565-B4E9-4D43-8B80-B119FCCB56B4}.Release|Any CPU.Build.0 = Release|Any CPU
		{091C0565-B4E9-4D43-8B80-B119FCCB56B4}.Release|x64.ActiveCfg = Release|Any CPU
		{091C0565-B4E9-4D43-8B80-B119FCCB56B4}.Release|x64.Build.0 = Release|Any CPU
		{091C0565-B4E9-4D43-8B80-B119FCCB56B4}.Release|x86.ActiveCfg = Release|Any CPU
		{091C0565-B4E9-4D43-8B80-B119FCCB56B4}.Release|x86.Build.0 = Release|Any CPU
		{4B4F26E5-F2D8-4850-9519-6F0E89285C0F}.Debug|Any CPU.ActiveCfg = Debug|Any CPU
		{4B4F26E5-F2D8-4850-9519-6F0E89285C0F}.Debug|Any CPU.Build.0 = Debug|Any CPU
		{4B4F26E5-F2D8-4850-9519-6F0E89285C0F}.Debug|x64.ActiveCfg = Debug|Any CPU
		{4B4F26E5-F2D8-4850-9519-6F0E89285C0F}.Debug|x64.Build.0 = Debug|Any CPU
		{4B4F26E5-F2D8-4850-9519-6F0E89285C0F}.Debug|x86.ActiveCfg = Debug|Any CPU
		{4B4F26E5-F2D8-4850-9519-6F0E89285C0F}.Debug|x86.Build.0 = Debug|Any CPU
		{4B4F26E5-F2D8-4850-9519-6F0E89285C0F}.Release|Any CPU.ActiveCfg = Release|Any CPU
		{4B4F26E5-F2D8-4850-9519-6F0E89285C0F}.Release|Any CPU.Build.0 = Release|Any CPU
		{4B4F26E5-F2D8-4850-9519-6F0E89285C0F}.Release|x64.ActiveCfg = Release|Any CPU
		{4B4F26E5-F2D8-4850-9519-6F0E89285C0F}.Release|x64.Build.0 = Release|Any CPU
		{4B4F26E5-F2D8-4850-9519-6F0E89285C0F}.Release|x86.ActiveCfg = Release|Any CPU
		{4B4F26E5-F2D8-4850-9519-6F0E89285C0F}.Release|x86.Build.0 = Release|Any CPU
	EndGlobalSection
	GlobalSection(SolutionProperties) = preSolution
		HideSolutionNode = FALSE
	EndGlobalSection
EndGlobal
